
Microsoft Visual Studio Solution File, Format Version 12.00
# Visual Studio 15
VisualStudioVersion = 15.0.27130.2010
MinimumVisualStudioVersion = 10.0.40219.1
Project("{9A19103F-16F7-4668-BE54-9A1E7A4F7556}") = "AER.Enigma.Services", "AER.Enigma.Services\AER.Enigma.Services.csproj", "{2D875E09-C589-4530-8FAA-25C27EFBA2ED}"
EndProject
Project("{2150E333-8FDC-42A3-9474-1A3956D46DE8}") = "Model", "Model", "{73787E04-A126-4082-B4F0-95763B628CFB}"
EndProject
Project("{2150E333-8FDC-42A3-9474-1A3956D46DE8}") = "View", "View", "{FDFC812E-C544-4B44-B79A-0F25C9C7AECD}"
EndProject
Project("{2150E333-8FDC-42A3-9474-1A3956D46DE8}") = "ViewModel", "ViewModel", "{A048539C-F80B-46B8-83BE-102B60D4A324}"
EndProject
Project("{9A19103F-16F7-4668-BE54-9A1E7A4F7556}") = "AER.Enigma.ViewModels", "AER.Enigma.ViewModels\AER.Enigma.ViewModels.csproj", "{A1327745-EBC9-4C3A-BBE4-2ACD21F64575}"
EndProject
Project("{9A19103F-16F7-4668-BE54-9A1E7A4F7556}") = "AER.Enigma.Models", "AER.Enigma.Models\AER.Enigma.Models.csproj", "{183AD664-8142-45BC-9CDA-1A55DD4F6BEC}"
EndProject
Project("{9A19103F-16F7-4668-BE54-9A1E7A4F7556}") = "AER.Enigma.Core", "AER.Enigma.Core\AER.Enigma.Core.csproj", "{6E5BD7BC-DAEE-44CE-B309-DCD1613731EC}"
EndProject
Project("{9A19103F-16F7-4668-BE54-9A1E7A4F7556}") = "AER.Enigma.UI", "AER.Enigma.UI\AER.Enigma.UI.csproj", "{F5CEEAC8-E6D8-4CCF-8AF2-861A4D785BF4}"
EndProject
Project("{FAE04EC0-301F-11D3-BF4B-00C04F79EFBC}") = "AEREnigma.UI.Android", "AER.Enigma.UI.Android\AEREnigma.UI.Android.csproj", "{B40DED54-D16D-4A82-A559-BD9285CA2A91}"
EndProject
Project("{FAE04EC0-301F-11D3-BF4B-00C04F79EFBC}") = "AEREnigma.UI.iOS", "AER.Enigma.UI.iOS\AEREnigma.UI.iOS.csproj", "{F91C384C-87FA-4236-BA8B-A929F5916523}"
EndProject
Project("{FAE04EC0-301F-11D3-BF4B-00C04F79EFBC}") = "AEREnigma.UI.UWP", "AER.Enigma.UI.UWP\AEREnigma.UI.UWP.csproj", "{F99D8FD4-A66B-4B47-B47A-30827B013D3D}"
EndProject
Global
	GlobalSection(SolutionConfigurationPlatforms) = preSolution
		Ad-Hoc|Any CPU = Ad-Hoc|Any CPU
		Ad-Hoc|ARM = Ad-Hoc|ARM
		Ad-Hoc|iPhone = Ad-Hoc|iPhone
		Ad-Hoc|iPhoneSimulator = Ad-Hoc|iPhoneSimulator
		Ad-Hoc|x64 = Ad-Hoc|x64
		Ad-Hoc|x86 = Ad-Hoc|x86
		AppStore|Any CPU = AppStore|Any CPU
		AppStore|ARM = AppStore|ARM
		AppStore|iPhone = AppStore|iPhone
		AppStore|iPhoneSimulator = AppStore|iPhoneSimulator
		AppStore|x64 = AppStore|x64
		AppStore|x86 = AppStore|x86
		Debug|Any CPU = Debug|Any CPU
		Debug|ARM = Debug|ARM
		Debug|iPhone = Debug|iPhone
		Debug|iPhoneSimulator = Debug|iPhoneSimulator
		Debug|x64 = Debug|x64
		Debug|x86 = Debug|x86
		Release|Any CPU = Release|Any CPU
		Release|ARM = Release|ARM
		Release|iPhone = Release|iPhone
		Release|iPhoneSimulator = Release|iPhoneSimulator
		Release|x64 = Release|x64
		Release|x86 = Release|x86
	EndGlobalSection
	GlobalSection(ProjectConfigurationPlatforms) = postSolution
		{2D875E09-C589-4530-8FAA-25C27EFBA2ED}.Ad-Hoc|Any CPU.ActiveCfg = Debug|Any CPU
		{2D875E09-C589-4530-8FAA-25C27EFBA2ED}.Ad-Hoc|Any CPU.Build.0 = Debug|Any CPU
		{2D875E09-C589-4530-8FAA-25C27EFBA2ED}.Ad-Hoc|ARM.ActiveCfg = Debug|Any CPU
		{2D875E09-C589-4530-8FAA-25C27EFBA2ED}.Ad-Hoc|ARM.Build.0 = Debug|Any CPU
		{2D875E09-C589-4530-8FAA-25C27EFBA2ED}.Ad-Hoc|iPhone.ActiveCfg = Debug|Any CPU
		{2D875E09-C589-4530-8FAA-25C27EFBA2ED}.Ad-Hoc|iPhone.Build.0 = Debug|Any CPU
		{2D875E09-C589-4530-8FAA-25C27EFBA2ED}.Ad-Hoc|iPhoneSimulator.ActiveCfg = Debug|Any CPU
		{2D875E09-C589-4530-8FAA-25C27EFBA2ED}.Ad-Hoc|iPhoneSimulator.Build.0 = Debug|Any CPU
		{2D875E09-C589-4530-8FAA-25C27EFBA2ED}.Ad-Hoc|x64.ActiveCfg = Debug|Any CPU
		{2D875E09-C589-4530-8FAA-25C27EFBA2ED}.Ad-Hoc|x64.Build.0 = Debug|Any CPU
		{2D875E09-C589-4530-8FAA-25C27EFBA2ED}.Ad-Hoc|x86.ActiveCfg = Debug|Any CPU
		{2D875E09-C589-4530-8FAA-25C27EFBA2ED}.Ad-Hoc|x86.Build.0 = Debug|Any CPU
		{2D875E09-C589-4530-8FAA-25C27EFBA2ED}.AppStore|Any CPU.ActiveCfg = Debug|Any CPU
		{2D875E09-C589-4530-8FAA-25C27EFBA2ED}.AppStore|Any CPU.Build.0 = Debug|Any CPU
		{2D875E09-C589-4530-8FAA-25C27EFBA2ED}.AppStore|ARM.ActiveCfg = Debug|Any CPU
		{2D875E09-C589-4530-8FAA-25C27EFBA2ED}.AppStore|ARM.Build.0 = Debug|Any CPU
		{2D875E09-C589-4530-8FAA-25C27EFBA2ED}.AppStore|iPhone.ActiveCfg = Debug|Any CPU
		{2D875E09-C589-4530-8FAA-25C27EFBA2ED}.AppStore|iPhone.Build.0 = Debug|Any CPU
		{2D875E09-C589-4530-8FAA-25C27EFBA2ED}.AppStore|iPhoneSimulator.ActiveCfg = Debug|Any CPU
		{2D875E09-C589-4530-8FAA-25C27EFBA2ED}.AppStore|iPhoneSimulator.Build.0 = Debug|Any CPU
		{2D875E09-C589-4530-8FAA-25C27EFBA2ED}.AppStore|x64.ActiveCfg = Debug|Any CPU
		{2D875E09-C589-4530-8FAA-25C27EFBA2ED}.AppStore|x64.Build.0 = Debug|Any CPU
		{2D875E09-C589-4530-8FAA-25C27EFBA2ED}.AppStore|x86.ActiveCfg = Debug|Any CPU
		{2D875E09-C589-4530-8FAA-25C27EFBA2ED}.AppStore|x86.Build.0 = Debug|Any CPU
		{2D875E09-C589-4530-8FAA-25C27EFBA2ED}.Debug|Any CPU.ActiveCfg = Debug|Any CPU
		{2D875E09-C589-4530-8FAA-25C27EFBA2ED}.Debug|Any CPU.Build.0 = Debug|Any CPU
		{2D875E09-C589-4530-8FAA-25C27EFBA2ED}.Debug|ARM.ActiveCfg = Debug|Any CPU
		{2D875E09-C589-4530-8FAA-25C27EFBA2ED}.Debug|ARM.Build.0 = Debug|Any CPU
		{2D875E09-C589-4530-8FAA-25C27EFBA2ED}.Debug|iPhone.ActiveCfg = Debug|Any CPU
		{2D875E09-C589-4530-8FAA-25C27EFBA2ED}.Debug|iPhone.Build.0 = Debug|Any CPU
		{2D875E09-C589-4530-8FAA-25C27EFBA2ED}.Debug|iPhoneSimulator.ActiveCfg = Debug|Any CPU
		{2D875E09-C589-4530-8FAA-25C27EFBA2ED}.Debug|iPhoneSimulator.Build.0 = Debug|Any CPU
		{2D875E09-C589-4530-8FAA-25C27EFBA2ED}.Debug|x64.ActiveCfg = Debug|Any CPU
		{2D875E09-C589-4530-8FAA-25C27EFBA2ED}.Debug|x64.Build.0 = Debug|Any CPU
		{2D875E09-C589-4530-8FAA-25C27EFBA2ED}.Debug|x86.ActiveCfg = Debug|Any CPU
		{2D875E09-C589-4530-8FAA-25C27EFBA2ED}.Debug|x86.Build.0 = Debug|Any CPU
		{2D875E09-C589-4530-8FAA-25C27EFBA2ED}.Release|Any CPU.ActiveCfg = Release|Any CPU
		{2D875E09-C589-4530-8FAA-25C27EFBA2ED}.Release|Any CPU.Build.0 = Release|Any CPU
		{2D875E09-C589-4530-8FAA-25C27EFBA2ED}.Release|ARM.ActiveCfg = Release|Any CPU
		{2D875E09-C589-4530-8FAA-25C27EFBA2ED}.Release|ARM.Build.0 = Release|Any CPU
		{2D875E09-C589-4530-8FAA-25C27EFBA2ED}.Release|iPhone.ActiveCfg = Release|Any CPU
		{2D875E09-C589-4530-8FAA-25C27EFBA2ED}.Release|iPhone.Build.0 = Release|Any CPU
		{2D875E09-C589-4530-8FAA-25C27EFBA2ED}.Release|iPhoneSimulator.ActiveCfg = Release|Any CPU
		{2D875E09-C589-4530-8FAA-25C27EFBA2ED}.Release|iPhoneSimulator.Build.0 = Release|Any CPU
		{2D875E09-C589-4530-8FAA-25C27EFBA2ED}.Release|x64.ActiveCfg = Release|Any CPU
		{2D875E09-C589-4530-8FAA-25C27EFBA2ED}.Release|x64.Build.0 = Release|Any CPU
		{2D875E09-C589-4530-8FAA-25C27EFBA2ED}.Release|x86.ActiveCfg = Release|Any CPU
		{2D875E09-C589-4530-8FAA-25C27EFBA2ED}.Release|x86.Build.0 = Release|Any CPU
		{A1327745-EBC9-4C3A-BBE4-2ACD21F64575}.Ad-Hoc|Any CPU.ActiveCfg = Debug|Any CPU
		{A1327745-EBC9-4C3A-BBE4-2ACD21F64575}.Ad-Hoc|Any CPU.Build.0 = Debug|Any CPU
		{A1327745-EBC9-4C3A-BBE4-2ACD21F64575}.Ad-Hoc|ARM.ActiveCfg = Debug|Any CPU
		{A1327745-EBC9-4C3A-BBE4-2ACD21F64575}.Ad-Hoc|ARM.Build.0 = Debug|Any CPU
		{A1327745-EBC9-4C3A-BBE4-2ACD21F64575}.Ad-Hoc|iPhone.ActiveCfg = Debug|Any CPU
		{A1327745-EBC9-4C3A-BBE4-2ACD21F64575}.Ad-Hoc|iPhone.Build.0 = Debug|Any CPU
		{A1327745-EBC9-4C3A-BBE4-2ACD21F64575}.Ad-Hoc|iPhoneSimulator.ActiveCfg = Debug|Any CPU
		{A1327745-EBC9-4C3A-BBE4-2ACD21F64575}.Ad-Hoc|iPhoneSimulator.Build.0 = Debug|Any CPU
		{A1327745-EBC9-4C3A-BBE4-2ACD21F64575}.Ad-Hoc|x64.ActiveCfg = Debug|Any CPU
		{A1327745-EBC9-4C3A-BBE4-2ACD21F64575}.Ad-Hoc|x64.Build.0 = Debug|Any CPU
		{A1327745-EBC9-4C3A-BBE4-2ACD21F64575}.Ad-Hoc|x86.ActiveCfg = Debug|Any CPU
		{A1327745-EBC9-4C3A-BBE4-2ACD21F64575}.Ad-Hoc|x86.Build.0 = Debug|Any CPU
		{A1327745-EBC9-4C3A-BBE4-2ACD21F64575}.AppStore|Any CPU.ActiveCfg = Debug|Any CPU
		{A1327745-EBC9-4C3A-BBE4-2ACD21F64575}.AppStore|Any CPU.Build.0 = Debug|Any CPU
		{A1327745-EBC9-4C3A-BBE4-2ACD21F64575}.AppStore|ARM.ActiveCfg = Debug|Any CPU
		{A1327745-EBC9-4C3A-BBE4-2ACD21F64575}.AppStore|ARM.Build.0 = Debug|Any CPU
		{A1327745-EBC9-4C3A-BBE4-2ACD21F64575}.AppStore|iPhone.ActiveCfg = Debug|Any CPU
		{A1327745-EBC9-4C3A-BBE4-2ACD21F64575}.AppStore|iPhone.Build.0 = Debug|Any CPU
		{A1327745-EBC9-4C3A-BBE4-2ACD21F64575}.AppStore|iPhoneSimulator.ActiveCfg = Debug|Any CPU
		{A1327745-EBC9-4C3A-BBE4-2ACD21F64575}.AppStore|iPhoneSimulator.Build.0 = Debug|Any CPU
		{A1327745-EBC9-4C3A-BBE4-2ACD21F64575}.AppStore|x64.ActiveCfg = Debug|Any CPU
		{A1327745-EBC9-4C3A-BBE4-2ACD21F64575}.AppStore|x64.Build.0 = Debug|Any CPU
		{A1327745-EBC9-4C3A-BBE4-2ACD21F64575}.AppStore|x86.ActiveCfg = Debug|Any CPU
		{A1327745-EBC9-4C3A-BBE4-2ACD21F64575}.AppStore|x86.Build.0 = Debug|Any CPU
		{A1327745-EBC9-4C3A-BBE4-2ACD21F64575}.Debug|Any CPU.ActiveCfg = Debug|Any CPU
		{A1327745-EBC9-4C3A-BBE4-2ACD21F64575}.Debug|Any CPU.Build.0 = Debug|Any CPU
		{A1327745-EBC9-4C3A-BBE4-2ACD21F64575}.Debug|ARM.ActiveCfg = Debug|Any CPU
		{A1327745-EBC9-4C3A-BBE4-2ACD21F64575}.Debug|ARM.Build.0 = Debug|Any CPU
		{A1327745-EBC9-4C3A-BBE4-2ACD21F64575}.Debug|iPhone.ActiveCfg = Debug|Any CPU
		{A1327745-EBC9-4C3A-BBE4-2ACD21F64575}.Debug|iPhone.Build.0 = Debug|Any CPU
		{A1327745-EBC9-4C3A-BBE4-2ACD21F64575}.Debug|iPhoneSimulator.ActiveCfg = Debug|Any CPU
		{A1327745-EBC9-4C3A-BBE4-2ACD21F64575}.Debug|iPhoneSimulator.Build.0 = Debug|Any CPU
		{A1327745-EBC9-4C3A-BBE4-2ACD21F64575}.Debug|x64.ActiveCfg = Debug|Any CPU
		{A1327745-EBC9-4C3A-BBE4-2ACD21F64575}.Debug|x64.Build.0 = Debug|Any CPU
		{A1327745-EBC9-4C3A-BBE4-2ACD21F64575}.Debug|x86.ActiveCfg = Debug|Any CPU
		{A1327745-EBC9-4C3A-BBE4-2ACD21F64575}.Debug|x86.Build.0 = Debug|Any CPU
		{A1327745-EBC9-4C3A-BBE4-2ACD21F64575}.Release|Any CPU.ActiveCfg = Release|Any CPU
		{A1327745-EBC9-4C3A-BBE4-2ACD21F64575}.Release|Any CPU.Build.0 = Release|Any CPU
		{A1327745-EBC9-4C3A-BBE4-2ACD21F64575}.Release|ARM.ActiveCfg = Release|Any CPU
		{A1327745-EBC9-4C3A-BBE4-2ACD21F64575}.Release|ARM.Build.0 = Release|Any CPU
		{A1327745-EBC9-4C3A-BBE4-2ACD21F64575}.Release|iPhone.ActiveCfg = Release|Any CPU
		{A1327745-EBC9-4C3A-BBE4-2ACD21F64575}.Release|iPhone.Build.0 = Release|Any CPU
		{A1327745-EBC9-4C3A-BBE4-2ACD21F64575}.Release|iPhoneSimulator.ActiveCfg = Release|Any CPU
		{A1327745-EBC9-4C3A-BBE4-2ACD21F64575}.Release|iPhoneSimulator.Build.0 = Release|Any CPU
		{A1327745-EBC9-4C3A-BBE4-2ACD21F64575}.Release|x64.ActiveCfg = Release|Any CPU
		{A1327745-EBC9-4C3A-BBE4-2ACD21F64575}.Release|x64.Build.0 = Release|Any CPU
		{A1327745-EBC9-4C3A-BBE4-2ACD21F64575}.Release|x86.ActiveCfg = Release|Any CPU
		{A1327745-EBC9-4C3A-BBE4-2ACD21F64575}.Release|x86.Build.0 = Release|Any CPU
		{183AD664-8142-45BC-9CDA-1A55DD4F6BEC}.Ad-Hoc|Any CPU.ActiveCfg = Debug|Any CPU
		{183AD664-8142-45BC-9CDA-1A55DD4F6BEC}.Ad-Hoc|Any CPU.Build.0 = Debug|Any CPU
		{183AD664-8142-45BC-9CDA-1A55DD4F6BEC}.Ad-Hoc|ARM.ActiveCfg = Debug|Any CPU
		{183AD664-8142-45BC-9CDA-1A55DD4F6BEC}.Ad-Hoc|ARM.Build.0 = Debug|Any CPU
		{183AD664-8142-45BC-9CDA-1A55DD4F6BEC}.Ad-Hoc|iPhone.ActiveCfg = Debug|Any CPU
		{183AD664-8142-45BC-9CDA-1A55DD4F6BEC}.Ad-Hoc|iPhone.Build.0 = Debug|Any CPU
		{183AD664-8142-45BC-9CDA-1A55DD4F6BEC}.Ad-Hoc|iPhoneSimulator.ActiveCfg = Debug|Any CPU
		{183AD664-8142-45BC-9CDA-1A55DD4F6BEC}.Ad-Hoc|iPhoneSimulator.Build.0 = Debug|Any CPU
		{183AD664-8142-45BC-9CDA-1A55DD4F6BEC}.Ad-Hoc|x64.ActiveCfg = Debug|Any CPU
		{183AD664-8142-45BC-9CDA-1A55DD4F6BEC}.Ad-Hoc|x64.Build.0 = Debug|Any CPU
		{183AD664-8142-45BC-9CDA-1A55DD4F6BEC}.Ad-Hoc|x86.ActiveCfg = Debug|Any CPU
		{183AD664-8142-45BC-9CDA-1A55DD4F6BEC}.Ad-Hoc|x86.Build.0 = Debug|Any CPU
		{183AD664-8142-45BC-9CDA-1A55DD4F6BEC}.AppStore|Any CPU.ActiveCfg = Debug|Any CPU
		{183AD664-8142-45BC-9CDA-1A55DD4F6BEC}.AppStore|Any CPU.Build.0 = Debug|Any CPU
		{183AD664-8142-45BC-9CDA-1A55DD4F6BEC}.AppStore|ARM.ActiveCfg = Debug|Any CPU
		{183AD664-8142-45BC-9CDA-1A55DD4F6BEC}.AppStore|ARM.Build.0 = Debug|Any CPU
		{183AD664-8142-45BC-9CDA-1A55DD4F6BEC}.AppStore|iPhone.ActiveCfg = Debug|Any CPU
		{183AD664-8142-45BC-9CDA-1A55DD4F6BEC}.AppStore|iPhone.Build.0 = Debug|Any CPU
		{183AD664-8142-45BC-9CDA-1A55DD4F6BEC}.AppStore|iPhoneSimulator.ActiveCfg = Debug|Any CPU
		{183AD664-8142-45BC-9CDA-1A55DD4F6BEC}.AppStore|iPhoneSimulator.Build.0 = Debug|Any CPU
		{183AD664-8142-45BC-9CDA-1A55DD4F6BEC}.AppStore|x64.ActiveCfg = Debug|Any CPU
		{183AD664-8142-45BC-9CDA-1A55DD4F6BEC}.AppStore|x64.Build.0 = Debug|Any CPU
		{183AD664-8142-45BC-9CDA-1A55DD4F6BEC}.AppStore|x86.ActiveCfg = Debug|Any CPU
		{183AD664-8142-45BC-9CDA-1A55DD4F6BEC}.AppStore|x86.Build.0 = Debug|Any CPU
		{183AD664-8142-45BC-9CDA-1A55DD4F6BEC}.Debug|Any CPU.ActiveCfg = Debug|Any CPU
		{183AD664-8142-45BC-9CDA-1A55DD4F6BEC}.Debug|Any CPU.Build.0 = Debug|Any CPU
		{183AD664-8142-45BC-9CDA-1A55DD4F6BEC}.Debug|ARM.ActiveCfg = Debug|Any CPU
		{183AD664-8142-45BC-9CDA-1A55DD4F6BEC}.Debug|ARM.Build.0 = Debug|Any CPU
		{183AD664-8142-45BC-9CDA-1A55DD4F6BEC}.Debug|iPhone.ActiveCfg = Debug|Any CPU
		{183AD664-8142-45BC-9CDA-1A55DD4F6BEC}.Debug|iPhone.Build.0 = Debug|Any CPU
		{183AD664-8142-45BC-9CDA-1A55DD4F6BEC}.Debug|iPhoneSimulator.ActiveCfg = Debug|Any CPU
		{183AD664-8142-45BC-9CDA-1A55DD4F6BEC}.Debug|iPhoneSimulator.Build.0 = Debug|Any CPU
		{183AD664-8142-45BC-9CDA-1A55DD4F6BEC}.Debug|x64.ActiveCfg = Debug|Any CPU
		{183AD664-8142-45BC-9CDA-1A55DD4F6BEC}.Debug|x64.Build.0 = Debug|Any CPU
		{183AD664-8142-45BC-9CDA-1A55DD4F6BEC}.Debug|x86.ActiveCfg = Debug|Any CPU
		{183AD664-8142-45BC-9CDA-1A55DD4F6BEC}.Debug|x86.Build.0 = Debug|Any CPU
		{183AD664-8142-45BC-9CDA-1A55DD4F6BEC}.Release|Any CPU.ActiveCfg = Release|Any CPU
		{183AD664-8142-45BC-9CDA-1A55DD4F6BEC}.Release|Any CPU.Build.0 = Release|Any CPU
		{183AD664-8142-45BC-9CDA-1A55DD4F6BEC}.Release|ARM.ActiveCfg = Release|Any CPU
		{183AD664-8142-45BC-9CDA-1A55DD4F6BEC}.Release|ARM.Build.0 = Release|Any CPU
		{183AD664-8142-45BC-9CDA-1A55DD4F6BEC}.Release|iPhone.ActiveCfg = Release|Any CPU
		{183AD664-8142-45BC-9CDA-1A55DD4F6BEC}.Release|iPhone.Build.0 = Release|Any CPU
		{183AD664-8142-45BC-9CDA-1A55DD4F6BEC}.Release|iPhoneSimulator.ActiveCfg = Release|Any CPU
		{183AD664-8142-45BC-9CDA-1A55DD4F6BEC}.Release|iPhoneSimulator.Build.0 = Release|Any CPU
		{183AD664-8142-45BC-9CDA-1A55DD4F6BEC}.Release|x64.ActiveCfg = Release|Any CPU
		{183AD664-8142-45BC-9CDA-1A55DD4F6BEC}.Release|x64.Build.0 = Release|Any CPU
		{183AD664-8142-45BC-9CDA-1A55DD4F6BEC}.Release|x86.ActiveCfg = Release|Any CPU
		{183AD664-8142-45BC-9CDA-1A55DD4F6BEC}.Release|x86.Build.0 = Release|Any CPU
		{6E5BD7BC-DAEE-44CE-B309-DCD1613731EC}.Ad-Hoc|Any CPU.ActiveCfg = Debug|Any CPU
		{6E5BD7BC-DAEE-44CE-B309-DCD1613731EC}.Ad-Hoc|Any CPU.Build.0 = Debug|Any CPU
		{6E5BD7BC-DAEE-44CE-B309-DCD1613731EC}.Ad-Hoc|ARM.ActiveCfg = Debug|Any CPU
		{6E5BD7BC-DAEE-44CE-B309-DCD1613731EC}.Ad-Hoc|ARM.Build.0 = Debug|Any CPU
		{6E5BD7BC-DAEE-44CE-B309-DCD1613731EC}.Ad-Hoc|iPhone.ActiveCfg = Debug|Any CPU
		{6E5BD7BC-DAEE-44CE-B309-DCD1613731EC}.Ad-Hoc|iPhone.Build.0 = Debug|Any CPU
		{6E5BD7BC-DAEE-44CE-B309-DCD1613731EC}.Ad-Hoc|iPhoneSimulator.ActiveCfg = Debug|Any CPU
		{6E5BD7BC-DAEE-44CE-B309-DCD1613731EC}.Ad-Hoc|iPhoneSimulator.Build.0 = Debug|Any CPU
		{6E5BD7BC-DAEE-44CE-B309-DCD1613731EC}.Ad-Hoc|x64.ActiveCfg = Debug|Any CPU
		{6E5BD7BC-DAEE-44CE-B309-DCD1613731EC}.Ad-Hoc|x64.Build.0 = Debug|Any CPU
		{6E5BD7BC-DAEE-44CE-B309-DCD1613731EC}.Ad-Hoc|x86.ActiveCfg = Debug|Any CPU
		{6E5BD7BC-DAEE-44CE-B309-DCD1613731EC}.Ad-Hoc|x86.Build.0 = Debug|Any CPU
		{6E5BD7BC-DAEE-44CE-B309-DCD1613731EC}.AppStore|Any CPU.ActiveCfg = Debug|Any CPU
		{6E5BD7BC-DAEE-44CE-B309-DCD1613731EC}.AppStore|Any CPU.Build.0 = Debug|Any CPU
		{6E5BD7BC-DAEE-44CE-B309-DCD1613731EC}.AppStore|ARM.ActiveCfg = Debug|Any CPU
		{6E5BD7BC-DAEE-44CE-B309-DCD1613731EC}.AppStore|ARM.Build.0 = Debug|Any CPU
		{6E5BD7BC-DAEE-44CE-B309-DCD1613731EC}.AppStore|iPhone.ActiveCfg = Debug|Any CPU
		{6E5BD7BC-DAEE-44CE-B309-DCD1613731EC}.AppStore|iPhone.Build.0 = Debug|Any CPU
		{6E5BD7BC-DAEE-44CE-B309-DCD1613731EC}.AppStore|iPhoneSimulator.ActiveCfg = Debug|Any CPU
		{6E5BD7BC-DAEE-44CE-B309-DCD1613731EC}.AppStore|iPhoneSimulator.Build.0 = Debug|Any CPU
		{6E5BD7BC-DAEE-44CE-B309-DCD1613731EC}.AppStore|x64.ActiveCfg = Debug|Any CPU
		{6E5BD7BC-DAEE-44CE-B309-DCD1613731EC}.AppStore|x64.Build.0 = Debug|Any CPU
		{6E5BD7BC-DAEE-44CE-B309-DCD1613731EC}.AppStore|x86.ActiveCfg = Debug|Any CPU
		{6E5BD7BC-DAEE-44CE-B309-DCD1613731EC}.AppStore|x86.Build.0 = Debug|Any CPU
		{6E5BD7BC-DAEE-44CE-B309-DCD1613731EC}.Debug|Any CPU.ActiveCfg = Debug|Any CPU
		{6E5BD7BC-DAEE-44CE-B309-DCD1613731EC}.Debug|Any CPU.Build.0 = Debug|Any CPU
		{6E5BD7BC-DAEE-44CE-B309-DCD1613731EC}.Debug|ARM.ActiveCfg = Debug|Any CPU
		{6E5BD7BC-DAEE-44CE-B309-DCD1613731EC}.Debug|ARM.Build.0 = Debug|Any CPU
		{6E5BD7BC-DAEE-44CE-B309-DCD1613731EC}.Debug|iPhone.ActiveCfg = Debug|Any CPU
		{6E5BD7BC-DAEE-44CE-B309-DCD1613731EC}.Debug|iPhone.Build.0 = Debug|Any CPU
		{6E5BD7BC-DAEE-44CE-B309-DCD1613731EC}.Debug|iPhoneSimulator.ActiveCfg = Debug|Any CPU
		{6E5BD7BC-DAEE-44CE-B309-DCD1613731EC}.Debug|iPhoneSimulator.Build.0 = Debug|Any CPU
		{6E5BD7BC-DAEE-44CE-B309-DCD1613731EC}.Debug|x64.ActiveCfg = Debug|Any CPU
		{6E5BD7BC-DAEE-44CE-B309-DCD1613731EC}.Debug|x64.Build.0 = Debug|Any CPU
		{6E5BD7BC-DAEE-44CE-B309-DCD1613731EC}.Debug|x86.ActiveCfg = Debug|Any CPU
		{6E5BD7BC-DAEE-44CE-B309-DCD1613731EC}.Debug|x86.Build.0 = Debug|Any CPU
		{6E5BD7BC-DAEE-44CE-B309-DCD1613731EC}.Release|Any CPU.ActiveCfg = Release|Any CPU
		{6E5BD7BC-DAEE-44CE-B309-DCD1613731EC}.Release|Any CPU.Build.0 = Release|Any CPU
		{6E5BD7BC-DAEE-44CE-B309-DCD1613731EC}.Release|ARM.ActiveCfg = Release|Any CPU
		{6E5BD7BC-DAEE-44CE-B309-DCD1613731EC}.Release|ARM.Build.0 = Release|Any CPU
		{6E5BD7BC-DAEE-44CE-B309-DCD1613731EC}.Release|iPhone.ActiveCfg = Release|Any CPU
		{6E5BD7BC-DAEE-44CE-B309-DCD1613731EC}.Release|iPhone.Build.0 = Release|Any CPU
		{6E5BD7BC-DAEE-44CE-B309-DCD1613731EC}.Release|iPhoneSimulator.ActiveCfg = Release|Any CPU
		{6E5BD7BC-DAEE-44CE-B309-DCD1613731EC}.Release|iPhoneSimulator.Build.0 = Release|Any CPU
		{6E5BD7BC-DAEE-44CE-B309-DCD1613731EC}.Release|x64.ActiveCfg = Release|Any CPU
		{6E5BD7BC-DAEE-44CE-B309-DCD1613731EC}.Release|x64.Build.0 = Release|Any CPU
		{6E5BD7BC-DAEE-44CE-B309-DCD1613731EC}.Release|x86.ActiveCfg = Release|Any CPU
		{6E5BD7BC-DAEE-44CE-B309-DCD1613731EC}.Release|x86.Build.0 = Release|Any CPU
		{F5CEEAC8-E6D8-4CCF-8AF2-861A4D785BF4}.Ad-Hoc|Any CPU.ActiveCfg = Debug|Any CPU
		{F5CEEAC8-E6D8-4CCF-8AF2-861A4D785BF4}.Ad-Hoc|Any CPU.Build.0 = Debug|Any CPU
		{F5CEEAC8-E6D8-4CCF-8AF2-861A4D785BF4}.Ad-Hoc|ARM.ActiveCfg = Debug|Any CPU
		{F5CEEAC8-E6D8-4CCF-8AF2-861A4D785BF4}.Ad-Hoc|ARM.Build.0 = Debug|Any CPU
		{F5CEEAC8-E6D8-4CCF-8AF2-861A4D785BF4}.Ad-Hoc|iPhone.ActiveCfg = Debug|Any CPU
		{F5CEEAC8-E6D8-4CCF-8AF2-861A4D785BF4}.Ad-Hoc|iPhone.Build.0 = Debug|Any CPU
		{F5CEEAC8-E6D8-4CCF-8AF2-861A4D785BF4}.Ad-Hoc|iPhoneSimulator.ActiveCfg = Debug|Any CPU
		{F5CEEAC8-E6D8-4CCF-8AF2-861A4D785BF4}.Ad-Hoc|iPhoneSimulator.Build.0 = Debug|Any CPU
		{F5CEEAC8-E6D8-4CCF-8AF2-861A4D785BF4}.Ad-Hoc|x64.ActiveCfg = Debug|Any CPU
		{F5CEEAC8-E6D8-4CCF-8AF2-861A4D785BF4}.Ad-Hoc|x64.Build.0 = Debug|Any CPU
		{F5CEEAC8-E6D8-4CCF-8AF2-861A4D785BF4}.Ad-Hoc|x86.ActiveCfg = Debug|Any CPU
		{F5CEEAC8-E6D8-4CCF-8AF2-861A4D785BF4}.Ad-Hoc|x86.Build.0 = Debug|Any CPU
		{F5CEEAC8-E6D8-4CCF-8AF2-861A4D785BF4}.AppStore|Any CPU.ActiveCfg = Debug|Any CPU
		{F5CEEAC8-E6D8-4CCF-8AF2-861A4D785BF4}.AppStore|Any CPU.Build.0 = Debug|Any CPU
		{F5CEEAC8-E6D8-4CCF-8AF2-861A4D785BF4}.AppStore|ARM.ActiveCfg = Debug|Any CPU
		{F5CEEAC8-E6D8-4CCF-8AF2-861A4D785BF4}.AppStore|ARM.Build.0 = Debug|Any CPU
		{F5CEEAC8-E6D8-4CCF-8AF2-861A4D785BF4}.AppStore|iPhone.ActiveCfg = Debug|Any CPU
		{F5CEEAC8-E6D8-4CCF-8AF2-861A4D785BF4}.AppStore|iPhone.Build.0 = Debug|Any CPU
		{F5CEEAC8-E6D8-4CCF-8AF2-861A4D785BF4}.AppStore|iPhoneSimulator.ActiveCfg = Debug|Any CPU
		{F5CEEAC8-E6D8-4CCF-8AF2-861A4D785BF4}.AppStore|iPhoneSimulator.Build.0 = Debug|Any CPU
		{F5CEEAC8-E6D8-4CCF-8AF2-861A4D785BF4}.AppStore|x64.ActiveCfg = Debug|Any CPU
		{F5CEEAC8-E6D8-4CCF-8AF2-861A4D785BF4}.AppStore|x64.Build.0 = Debug|Any CPU
		{F5CEEAC8-E6D8-4CCF-8AF2-861A4D785BF4}.AppStore|x86.ActiveCfg = Debug|Any CPU
		{F5CEEAC8-E6D8-4CCF-8AF2-861A4D785BF4}.AppStore|x86.Build.0 = Debug|Any CPU
		{F5CEEAC8-E6D8-4CCF-8AF2-861A4D785BF4}.Debug|Any CPU.ActiveCfg = Debug|Any CPU
		{F5CEEAC8-E6D8-4CCF-8AF2-861A4D785BF4}.Debug|Any CPU.Build.0 = Debug|Any CPU
		{F5CEEAC8-E6D8-4CCF-8AF2-861A4D785BF4}.Debug|ARM.ActiveCfg = Debug|Any CPU
		{F5CEEAC8-E6D8-4CCF-8AF2-861A4D785BF4}.Debug|ARM.Build.0 = Debug|Any CPU
		{F5CEEAC8-E6D8-4CCF-8AF2-861A4D785BF4}.Debug|iPhone.ActiveCfg = Debug|Any CPU
		{F5CEEAC8-E6D8-4CCF-8AF2-861A4D785BF4}.Debug|iPhone.Build.0 = Debug|Any CPU
		{F5CEEAC8-E6D8-4CCF-8AF2-861A4D785BF4}.Debug|iPhoneSimulator.ActiveCfg = Debug|Any CPU
		{F5CEEAC8-E6D8-4CCF-8AF2-861A4D785BF4}.Debug|iPhoneSimulator.Build.0 = Debug|Any CPU
		{F5CEEAC8-E6D8-4CCF-8AF2-861A4D785BF4}.Debug|x64.ActiveCfg = Debug|Any CPU
		{F5CEEAC8-E6D8-4CCF-8AF2-861A4D785BF4}.Debug|x64.Build.0 = Debug|Any CPU
		{F5CEEAC8-E6D8-4CCF-8AF2-861A4D785BF4}.Debug|x86.ActiveCfg = Debug|Any CPU
		{F5CEEAC8-E6D8-4CCF-8AF2-861A4D785BF4}.Debug|x86.Build.0 = Debug|Any CPU
		{F5CEEAC8-E6D8-4CCF-8AF2-861A4D785BF4}.Release|Any CPU.ActiveCfg = Release|Any CPU
		{F5CEEAC8-E6D8-4CCF-8AF2-861A4D785BF4}.Release|Any CPU.Build.0 = Release|Any CPU
		{F5CEEAC8-E6D8-4CCF-8AF2-861A4D785BF4}.Release|ARM.ActiveCfg = Release|Any CPU
		{F5CEEAC8-E6D8-4CCF-8AF2-861A4D785BF4}.Release|ARM.Build.0 = Release|Any CPU
		{F5CEEAC8-E6D8-4CCF-8AF2-861A4D785BF4}.Release|iPhone.ActiveCfg = Release|Any CPU
		{F5CEEAC8-E6D8-4CCF-8AF2-861A4D785BF4}.Release|iPhone.Build.0 = Release|Any CPU
		{F5CEEAC8-E6D8-4CCF-8AF2-861A4D785BF4}.Release|iPhoneSimulator.ActiveCfg = Release|Any CPU
		{F5CEEAC8-E6D8-4CCF-8AF2-861A4D785BF4}.Release|iPhoneSimulator.Build.0 = Release|Any CPU
		{F5CEEAC8-E6D8-4CCF-8AF2-861A4D785BF4}.Release|x64.ActiveCfg = Release|Any CPU
		{F5CEEAC8-E6D8-4CCF-8AF2-861A4D785BF4}.Release|x64.Build.0 = Release|Any CPU
		{F5CEEAC8-E6D8-4CCF-8AF2-861A4D785BF4}.Release|x86.ActiveCfg = Release|Any CPU
		{F5CEEAC8-E6D8-4CCF-8AF2-861A4D785BF4}.Release|x86.Build.0 = Release|Any CPU
		{B40DED54-D16D-4A82-A559-BD9285CA2A91}.Ad-Hoc|Any CPU.ActiveCfg = Release|Any CPU
		{B40DED54-D16D-4A82-A559-BD9285CA2A91}.Ad-Hoc|Any CPU.Build.0 = Release|Any CPU
		{B40DED54-D16D-4A82-A559-BD9285CA2A91}.Ad-Hoc|Any CPU.Deploy.0 = Release|Any CPU
		{B40DED54-D16D-4A82-A559-BD9285CA2A91}.Ad-Hoc|ARM.ActiveCfg = Release|Any CPU
		{B40DED54-D16D-4A82-A559-BD9285CA2A91}.Ad-Hoc|ARM.Build.0 = Release|Any CPU
		{B40DED54-D16D-4A82-A559-BD9285CA2A91}.Ad-Hoc|ARM.Deploy.0 = Release|Any CPU
		{B40DED54-D16D-4A82-A559-BD9285CA2A91}.Ad-Hoc|iPhone.ActiveCfg = Release|Any CPU
		{B40DED54-D16D-4A82-A559-BD9285CA2A91}.Ad-Hoc|iPhone.Build.0 = Release|Any CPU
		{B40DED54-D16D-4A82-A559-BD9285CA2A91}.Ad-Hoc|iPhone.Deploy.0 = Release|Any CPU
		{B40DED54-D16D-4A82-A559-BD9285CA2A91}.Ad-Hoc|iPhoneSimulator.ActiveCfg = Release|Any CPU
		{B40DED54-D16D-4A82-A559-BD9285CA2A91}.Ad-Hoc|iPhoneSimulator.Build.0 = Release|Any CPU
		{B40DED54-D16D-4A82-A559-BD9285CA2A91}.Ad-Hoc|iPhoneSimulator.Deploy.0 = Release|Any CPU
		{B40DED54-D16D-4A82-A559-BD9285CA2A91}.Ad-Hoc|x64.ActiveCfg = Release|Any CPU
		{B40DED54-D16D-4A82-A559-BD9285CA2A91}.Ad-Hoc|x64.Build.0 = Release|Any CPU
		{B40DED54-D16D-4A82-A559-BD9285CA2A91}.Ad-Hoc|x64.Deploy.0 = Release|Any CPU
		{B40DED54-D16D-4A82-A559-BD9285CA2A91}.Ad-Hoc|x86.ActiveCfg = Release|Any CPU
		{B40DED54-D16D-4A82-A559-BD9285CA2A91}.Ad-Hoc|x86.Build.0 = Release|Any CPU
		{B40DED54-D16D-4A82-A559-BD9285CA2A91}.Ad-Hoc|x86.Deploy.0 = Release|Any CPU
		{B40DED54-D16D-4A82-A559-BD9285CA2A91}.AppStore|Any CPU.ActiveCfg = Release|Any CPU
		{B40DED54-D16D-4A82-A559-BD9285CA2A91}.AppStore|Any CPU.Build.0 = Release|Any CPU
		{B40DED54-D16D-4A82-A559-BD9285CA2A91}.AppStore|Any CPU.Deploy.0 = Release|Any CPU
		{B40DED54-D16D-4A82-A559-BD9285CA2A91}.AppStore|ARM.ActiveCfg = Release|Any CPU
		{B40DED54-D16D-4A82-A559-BD9285CA2A91}.AppStore|ARM.Build.0 = Release|Any CPU
		{B40DED54-D16D-4A82-A559-BD9285CA2A91}.AppStore|ARM.Deploy.0 = Release|Any CPU
		{B40DED54-D16D-4A82-A559-BD9285CA2A91}.AppStore|iPhone.ActiveCfg = Release|Any CPU
		{B40DED54-D16D-4A82-A559-BD9285CA2A91}.AppStore|iPhone.Build.0 = Release|Any CPU
		{B40DED54-D16D-4A82-A559-BD9285CA2A91}.AppStore|iPhone.Deploy.0 = Release|Any CPU
		{B40DED54-D16D-4A82-A559-BD9285CA2A91}.AppStore|iPhoneSimulator.ActiveCfg = Release|Any CPU
		{B40DED54-D16D-4A82-A559-BD9285CA2A91}.AppStore|iPhoneSimulator.Build.0 = Release|Any CPU
		{B40DED54-D16D-4A82-A559-BD9285CA2A91}.AppStore|iPhoneSimulator.Deploy.0 = Release|Any CPU
		{B40DED54-D16D-4A82-A559-BD9285CA2A91}.AppStore|x64.ActiveCfg = Release|Any CPU
		{B40DED54-D16D-4A82-A559-BD9285CA2A91}.AppStore|x64.Build.0 = Release|Any CPU
		{B40DED54-D16D-4A82-A559-BD9285CA2A91}.AppStore|x64.Deploy.0 = Release|Any CPU
		{B40DED54-D16D-4A82-A559-BD9285CA2A91}.AppStore|x86.ActiveCfg = Release|Any CPU
		{B40DED54-D16D-4A82-A559-BD9285CA2A91}.AppStore|x86.Build.0 = Release|Any CPU
		{B40DED54-D16D-4A82-A559-BD9285CA2A91}.AppStore|x86.Deploy.0 = Release|Any CPU
		{B40DED54-D16D-4A82-A559-BD9285CA2A91}.Debug|Any CPU.ActiveCfg = Debug|Any CPU
		{B40DED54-D16D-4A82-A559-BD9285CA2A91}.Debug|Any CPU.Build.0 = Debug|Any CPU
		{B40DED54-D16D-4A82-A559-BD9285CA2A91}.Debug|Any CPU.Deploy.0 = Debug|Any CPU
		{B40DED54-D16D-4A82-A559-BD9285CA2A91}.Debug|ARM.ActiveCfg = Debug|Any CPU
		{B40DED54-D16D-4A82-A559-BD9285CA2A91}.Debug|ARM.Build.0 = Debug|Any CPU
		{B40DED54-D16D-4A82-A559-BD9285CA2A91}.Debug|ARM.Deploy.0 = Debug|Any CPU
		{B40DED54-D16D-4A82-A559-BD9285CA2A91}.Debug|iPhone.ActiveCfg = Debug|Any CPU
		{B40DED54-D16D-4A82-A559-BD9285CA2A91}.Debug|iPhone.Build.0 = Debug|Any CPU
		{B40DED54-D16D-4A82-A559-BD9285CA2A91}.Debug|iPhone.Deploy.0 = Debug|Any CPU
		{B40DED54-D16D-4A82-A559-BD9285CA2A91}.Debug|iPhoneSimulator.ActiveCfg = Debug|Any CPU
		{B40DED54-D16D-4A82-A559-BD9285CA2A91}.Debug|iPhoneSimulator.Build.0 = Debug|Any CPU
		{B40DED54-D16D-4A82-A559-BD9285CA2A91}.Debug|iPhoneSimulator.Deploy.0 = Debug|Any CPU
		{B40DED54-D16D-4A82-A559-BD9285CA2A91}.Debug|x64.ActiveCfg = Debug|Any CPU
		{B40DED54-D16D-4A82-A559-BD9285CA2A91}.Debug|x64.Build.0 = Debug|Any CPU
		{B40DED54-D16D-4A82-A559-BD9285CA2A91}.Debug|x64.Deploy.0 = Debug|Any CPU
		{B40DED54-D16D-4A82-A559-BD9285CA2A91}.Debug|x86.ActiveCfg = Debug|Any CPU
		{B40DED54-D16D-4A82-A559-BD9285CA2A91}.Debug|x86.Build.0 = Debug|Any CPU
		{B40DED54-D16D-4A82-A559-BD9285CA2A91}.Debug|x86.Deploy.0 = Debug|Any CPU
		{B40DED54-D16D-4A82-A559-BD9285CA2A91}.Release|Any CPU.ActiveCfg = Release|Any CPU
		{B40DED54-D16D-4A82-A559-BD9285CA2A91}.Release|Any CPU.Build.0 = Release|Any CPU
		{B40DED54-D16D-4A82-A559-BD9285CA2A91}.Release|Any CPU.Deploy.0 = Release|Any CPU
		{B40DED54-D16D-4A82-A559-BD9285CA2A91}.Release|ARM.ActiveCfg = Release|Any CPU
		{B40DED54-D16D-4A82-A559-BD9285CA2A91}.Release|ARM.Build.0 = Release|Any CPU
		{B40DED54-D16D-4A82-A559-BD9285CA2A91}.Release|ARM.Deploy.0 = Release|Any CPU
		{B40DED54-D16D-4A82-A559-BD9285CA2A91}.Release|iPhone.ActiveCfg = Release|Any CPU
		{B40DED54-D16D-4A82-A559-BD9285CA2A91}.Release|iPhone.Build.0 = Release|Any CPU
		{B40DED54-D16D-4A82-A559-BD9285CA2A91}.Release|iPhone.Deploy.0 = Release|Any CPU
		{B40DED54-D16D-4A82-A559-BD9285CA2A91}.Release|iPhoneSimulator.ActiveCfg = Release|Any CPU
		{B40DED54-D16D-4A82-A559-BD9285CA2A91}.Release|iPhoneSimulator.Build.0 = Release|Any CPU
		{B40DED54-D16D-4A82-A559-BD9285CA2A91}.Release|iPhoneSimulator.Deploy.0 = Release|Any CPU
		{B40DED54-D16D-4A82-A559-BD9285CA2A91}.Release|x64.ActiveCfg = Release|Any CPU
		{B40DED54-D16D-4A82-A559-BD9285CA2A91}.Release|x64.Build.0 = Release|Any CPU
		{B40DED54-D16D-4A82-A559-BD9285CA2A91}.Release|x64.Deploy.0 = Release|Any CPU
		{B40DED54-D16D-4A82-A559-BD9285CA2A91}.Release|x86.ActiveCfg = Release|Any CPU
		{B40DED54-D16D-4A82-A559-BD9285CA2A91}.Release|x86.Build.0 = Release|Any CPU
		{B40DED54-D16D-4A82-A559-BD9285CA2A91}.Release|x86.Deploy.0 = Release|Any CPU
		{F91C384C-87FA-4236-BA8B-A929F5916523}.Ad-Hoc|Any CPU.ActiveCfg = Ad-Hoc|iPhone
		{F91C384C-87FA-4236-BA8B-A929F5916523}.Ad-Hoc|ARM.ActiveCfg = Ad-Hoc|iPhone
		{F91C384C-87FA-4236-BA8B-A929F5916523}.Ad-Hoc|iPhone.ActiveCfg = Ad-Hoc|iPhone
		{F91C384C-87FA-4236-BA8B-A929F5916523}.Ad-Hoc|iPhone.Build.0 = Ad-Hoc|iPhone
		{F91C384C-87FA-4236-BA8B-A929F5916523}.Ad-Hoc|iPhoneSimulator.ActiveCfg = Ad-Hoc|iPhoneSimulator
		{F91C384C-87FA-4236-BA8B-A929F5916523}.Ad-Hoc|iPhoneSimulator.Build.0 = Ad-Hoc|iPhoneSimulator
		{F91C384C-87FA-4236-BA8B-A929F5916523}.Ad-Hoc|x64.ActiveCfg = Ad-Hoc|iPhone
		{F91C384C-87FA-4236-BA8B-A929F5916523}.Ad-Hoc|x86.ActiveCfg = Ad-Hoc|iPhone
		{F91C384C-87FA-4236-BA8B-A929F5916523}.AppStore|Any CPU.ActiveCfg = AppStore|iPhone
		{F91C384C-87FA-4236-BA8B-A929F5916523}.AppStore|ARM.ActiveCfg = AppStore|iPhone
		{F91C384C-87FA-4236-BA8B-A929F5916523}.AppStore|iPhone.ActiveCfg = AppStore|iPhone
		{F91C384C-87FA-4236-BA8B-A929F5916523}.AppStore|iPhone.Build.0 = AppStore|iPhone
		{F91C384C-87FA-4236-BA8B-A929F5916523}.AppStore|iPhoneSimulator.ActiveCfg = AppStore|iPhoneSimulator
		{F91C384C-87FA-4236-BA8B-A929F5916523}.AppStore|iPhoneSimulator.Build.0 = AppStore|iPhoneSimulator
		{F91C384C-87FA-4236-BA8B-A929F5916523}.AppStore|x64.ActiveCfg = AppStore|iPhone
		{F91C384C-87FA-4236-BA8B-A929F5916523}.AppStore|x86.ActiveCfg = AppStore|iPhone
		{F91C384C-87FA-4236-BA8B-A929F5916523}.Debug|Any CPU.ActiveCfg = Debug|iPhone
		{F91C384C-87FA-4236-BA8B-A929F5916523}.Debug|ARM.ActiveCfg = Debug|iPhone
		{F91C384C-87FA-4236-BA8B-A929F5916523}.Debug|iPhone.ActiveCfg = Debug|iPhone
		{F91C384C-87FA-4236-BA8B-A929F5916523}.Debug|iPhone.Build.0 = Debug|iPhone
		{F91C384C-87FA-4236-BA8B-A929F5916523}.Debug|iPhoneSimulator.ActiveCfg = Debug|iPhoneSimulator
		{F91C384C-87FA-4236-BA8B-A929F5916523}.Debug|iPhoneSimulator.Build.0 = Debug|iPhoneSimulator
		{F91C384C-87FA-4236-BA8B-A929F5916523}.Debug|x64.ActiveCfg = Debug|iPhone
		{F91C384C-87FA-4236-BA8B-A929F5916523}.Debug|x86.ActiveCfg = Debug|iPhone
		{F91C384C-87FA-4236-BA8B-A929F5916523}.Release|Any CPU.ActiveCfg = Release|iPhone
		{F91C384C-87FA-4236-BA8B-A929F5916523}.Release|ARM.ActiveCfg = Release|iPhone
		{F91C384C-87FA-4236-BA8B-A929F5916523}.Release|iPhone.ActiveCfg = Release|iPhone
		{F91C384C-87FA-4236-BA8B-A929F5916523}.Release|iPhone.Build.0 = Release|iPhone
		{F91C384C-87FA-4236-BA8B-A929F5916523}.Release|iPhoneSimulator.ActiveCfg = Release|iPhoneSimulator
		{F91C384C-87FA-4236-BA8B-A929F5916523}.Release|iPhoneSimulator.Build.0 = Release|iPhoneSimulator
		{F91C384C-87FA-4236-BA8B-A929F5916523}.Release|x64.ActiveCfg = Release|iPhone
		{F91C384C-87FA-4236-BA8B-A929F5916523}.Release|x86.ActiveCfg = Release|iPhone
		{F99D8FD4-A66B-4B47-B47A-30827B013D3D}.Ad-Hoc|Any CPU.ActiveCfg = Release|x86
		{F99D8FD4-A66B-4B47-B47A-30827B013D3D}.Ad-Hoc|Any CPU.Build.0 = Release|x86
		{F99D8FD4-A66B-4B47-B47A-30827B013D3D}.Ad-Hoc|Any CPU.Deploy.0 = Release|x86
		{F99D8FD4-A66B-4B47-B47A-30827B013D3D}.Ad-Hoc|ARM.ActiveCfg = Release|ARM
		{F99D8FD4-A66B-4B47-B47A-30827B013D3D}.Ad-Hoc|ARM.Build.0 = Release|ARM
		{F99D8FD4-A66B-4B47-B47A-30827B013D3D}.Ad-Hoc|ARM.Deploy.0 = Release|ARM
		{F99D8FD4-A66B-4B47-B47A-30827B013D3D}.Ad-Hoc|iPhone.ActiveCfg = Release|x86
		{F99D8FD4-A66B-4B47-B47A-30827B013D3D}.Ad-Hoc|iPhone.Build.0 = Release|x86
		{F99D8FD4-A66B-4B47-B47A-30827B013D3D}.Ad-Hoc|iPhone.Deploy.0 = Release|x86
		{F99D8FD4-A66B-4B47-B47A-30827B013D3D}.Ad-Hoc|iPhoneSimulator.ActiveCfg = Release|x86
		{F99D8FD4-A66B-4B47-B47A-30827B013D3D}.Ad-Hoc|iPhoneSimulator.Build.0 = Release|x86
		{F99D8FD4-A66B-4B47-B47A-30827B013D3D}.Ad-Hoc|iPhoneSimulator.Deploy.0 = Release|x86
		{F99D8FD4-A66B-4B47-B47A-30827B013D3D}.Ad-Hoc|x64.ActiveCfg = Release|x64
		{F99D8FD4-A66B-4B47-B47A-30827B013D3D}.Ad-Hoc|x64.Build.0 = Release|x64
		{F99D8FD4-A66B-4B47-B47A-30827B013D3D}.Ad-Hoc|x64.Deploy.0 = Release|x64
		{F99D8FD4-A66B-4B47-B47A-30827B013D3D}.Ad-Hoc|x86.ActiveCfg = Release|x86
		{F99D8FD4-A66B-4B47-B47A-30827B013D3D}.Ad-Hoc|x86.Build.0 = Release|x86
		{F99D8FD4-A66B-4B47-B47A-30827B013D3D}.Ad-Hoc|x86.Deploy.0 = Release|x86
		{F99D8FD4-A66B-4B47-B47A-30827B013D3D}.AppStore|Any CPU.ActiveCfg = Release|x86
		{F99D8FD4-A66B-4B47-B47A-30827B013D3D}.AppStore|Any CPU.Build.0 = Release|x86
		{F99D8FD4-A66B-4B47-B47A-30827B013D3D}.AppStore|Any CPU.Deploy.0 = Release|x86
		{F99D8FD4-A66B-4B47-B47A-30827B013D3D}.AppStore|ARM.ActiveCfg = Release|ARM
		{F99D8FD4-A66B-4B47-B47A-30827B013D3D}.AppStore|ARM.Build.0 = Release|ARM
		{F99D8FD4-A66B-4B47-B47A-30827B013D3D}.AppStore|ARM.Deploy.0 = Release|ARM
		{F99D8FD4-A66B-4B47-B47A-30827B013D3D}.AppStore|iPhone.ActiveCfg = Release|x86
		{F99D8FD4-A66B-4B47-B47A-30827B013D3D}.AppStore|iPhone.Build.0 = Release|x86
		{F99D8FD4-A66B-4B47-B47A-30827B013D3D}.AppStore|iPhone.Deploy.0 = Release|x86
		{F99D8FD4-A66B-4B47-B47A-30827B013D3D}.AppStore|iPhoneSimulator.ActiveCfg = Release|x86
		{F99D8FD4-A66B-4B47-B47A-30827B013D3D}.AppStore|iPhoneSimulator.Build.0 = Release|x86
		{F99D8FD4-A66B-4B47-B47A-30827B013D3D}.AppStore|iPhoneSimulator.Deploy.0 = Release|x86
		{F99D8FD4-A66B-4B47-B47A-30827B013D3D}.AppStore|x64.ActiveCfg = Release|x64
		{F99D8FD4-A66B-4B47-B47A-30827B013D3D}.AppStore|x64.Build.0 = Release|x64
		{F99D8FD4-A66B-4B47-B47A-30827B013D3D}.AppStore|x64.Deploy.0 = Release|x64
		{F99D8FD4-A66B-4B47-B47A-30827B013D3D}.AppStore|x86.ActiveCfg = Release|x86
		{F99D8FD4-A66B-4B47-B47A-30827B013D3D}.AppStore|x86.Build.0 = Release|x86
		{F99D8FD4-A66B-4B47-B47A-30827B013D3D}.AppStore|x86.Deploy.0 = Release|x86
		{F99D8FD4-A66B-4B47-B47A-30827B013D3D}.Debug|Any CPU.ActiveCfg = Debug|x86
		{F99D8FD4-A66B-4B47-B47A-30827B013D3D}.Debug|Any CPU.Deploy.0 = Debug|x86
		{F99D8FD4-A66B-4B47-B47A-30827B013D3D}.Debug|ARM.ActiveCfg = Debug|ARM
		{F99D8FD4-A66B-4B47-B47A-30827B013D3D}.Debug|ARM.Build.0 = Debug|ARM
		{F99D8FD4-A66B-4B47-B47A-30827B013D3D}.Debug|ARM.Deploy.0 = Debug|ARM
		{F99D8FD4-A66B-4B47-B47A-30827B013D3D}.Debug|iPhone.ActiveCfg = Debug|x86
		{F99D8FD4-A66B-4B47-B47A-30827B013D3D}.Debug|iPhoneSimulator.ActiveCfg = Debug|x86
		{F99D8FD4-A66B-4B47-B47A-30827B013D3D}.Debug|x64.ActiveCfg = Debug|x64
		{F99D8FD4-A66B-4B47-B47A-30827B013D3D}.Debug|x64.Build.0 = Debug|x64
		{F99D8FD4-A66B-4B47-B47A-30827B013D3D}.Debug|x64.Deploy.0 = Debug|x64
		{F99D8FD4-A66B-4B47-B47A-30827B013D3D}.Debug|x86.ActiveCfg = Debug|x86
		{F99D8FD4-A66B-4B47-B47A-30827B013D3D}.Debug|x86.Build.0 = Debug|x86
		{F99D8FD4-A66B-4B47-B47A-30827B013D3D}.Debug|x86.Deploy.0 = Debug|x86
		{F99D8FD4-A66B-4B47-B47A-30827B013D3D}.Release|Any CPU.ActiveCfg = Release|x86
		{F99D8FD4-A66B-4B47-B47A-30827B013D3D}.Release|ARM.ActiveCfg = Release|ARM
		{F99D8FD4-A66B-4B47-B47A-30827B013D3D}.Release|ARM.Build.0 = Release|ARM
		{F99D8FD4-A66B-4B47-B47A-30827B013D3D}.Release|ARM.Deploy.0 = Release|ARM
		{F99D8FD4-A66B-4B47-B47A-30827B013D3D}.Release|iPhone.ActiveCfg = Release|x86
		{F99D8FD4-A66B-4B47-B47A-30827B013D3D}.Release|iPhoneSimulator.ActiveCfg = Release|x86
		{F99D8FD4-A66B-4B47-B47A-30827B013D3D}.Release|x64.ActiveCfg = Release|x64
		{F99D8FD4-A66B-4B47-B47A-30827B013D3D}.Release|x64.Build.0 = Release|x64
		{F99D8FD4-A66B-4B47-B47A-30827B013D3D}.Release|x64.Deploy.0 = Release|x64
		{F99D8FD4-A66B-4B47-B47A-30827B013D3D}.Release|x86.ActiveCfg = Release|x86
		{F99D8FD4-A66B-4B47-B47A-30827B013D3D}.Release|x86.Build.0 = Release|x86
		{F99D8FD4-A66B-4B47-B47A-30827B013D3D}.Release|x86.Deploy.0 = Release|x86
	EndGlobalSection
	GlobalSection(SolutionProperties) = preSolution
		HideSolutionNode = FALSE
	EndGlobalSection
	GlobalSection(NestedProjects) = preSolution
		{2D875E09-C589-4530-8FAA-25C27EFBA2ED} = {73787E04-A126-4082-B4F0-95763B628CFB}
		{A1327745-EBC9-4C3A-BBE4-2ACD21F64575} = {A048539C-F80B-46B8-83BE-102B60D4A324}
		{183AD664-8142-45BC-9CDA-1A55DD4F6BEC} = {73787E04-A126-4082-B4F0-95763B628CFB}
		{6E5BD7BC-DAEE-44CE-B309-DCD1613731EC} = {73787E04-A126-4082-B4F0-95763B628CFB}
		{F5CEEAC8-E6D8-4CCF-8AF2-861A4D785BF4} = {FDFC812E-C544-4B44-B79A-0F25C9C7AECD}
		{B40DED54-D16D-4A82-A559-BD9285CA2A91} = {FDFC812E-C544-4B44-B79A-0F25C9C7AECD}
		{F91C384C-87FA-4236-BA8B-A929F5916523} = {FDFC812E-C544-4B44-B79A-0F25C9C7AECD}
		{F99D8FD4-A66B-4B47-B47A-30827B013D3D} = {FDFC812E-C544-4B44-B79A-0F25C9C7AECD}
	EndGlobalSection
	GlobalSection(ExtensibilityGlobals) = postSolution
		SolutionGuid = {38F7886C-053B-4B17-A2FB-BE3FFE7531B4}
	EndGlobalSection
EndGlobal
