
Microsoft Visual Studio Solution File, Format Version 12.00
# Visual Studio 15
VisualStudioVersion = 15.0.27703.2000
MinimumVisualStudioVersion = 10.0.40219.1
Project("{FAE04EC0-301F-11D3-BF4B-00C04F79EFBC}") = "AEREnigma.UI.Android", "AEREnigma.UI\AEREnigma.UI.Android\AEREnigma.UI.Android.csproj", "{B40DED54-D16D-4A82-A559-BD9285CA2A91}"
EndProject
Project("{FAE04EC0-301F-11D3-BF4B-00C04F79EFBC}") = "AEREnigma.UI.iOS", "AEREnigma.UI\AEREnigma.UI.iOS\AEREnigma.UI.iOS.csproj", "{F91C384C-87FA-4236-BA8B-A929F5916523}"
EndProject
Project("{FAE04EC0-301F-11D3-BF4B-00C04F79EFBC}") = "AEREnigma.UI.UWP", "AEREnigma.UI\AEREnigma.UI.UWP\AEREnigma.UI.UWP.csproj", "{F99D8FD4-A66B-4B47-B47A-30827B013D3D}"
EndProject
Project("{FAE04EC0-301F-11D3-BF4B-00C04F79EFBC}") = "AEREnigma.UI", "AEREnigma.UI\AEREnigma.UI\AEREnigma.UI.csproj", "{F6D14A42-9008-48F3-BCC4-559C885B4B73}"
EndProject
Project("{FAE04EC0-301F-11D3-BF4B-00C04F79EFBC}") = "AER.Enigma.Core", "..\AER.Enigma.Core\AER.Enigma.Core.csproj", "{FAA60893-57F8-4A7B-B2A6-C29CE0E6FE7A}"
EndProject
Project("{FAE04EC0-301F-11D3-BF4B-00C04F79EFBC}") = "AEREnigma.Models", "..\AEREnigma.Models\AEREnigma.Models.csproj", "{380D73E6-9D41-46F2-BEC3-509B7727624B}"
EndProject
Project("{FAE04EC0-301F-11D3-BF4B-00C04F79EFBC}") = "AEREnigma.ViewModels", "..\AEREnigma.ViewModels\AEREnigma.ViewModels.csproj", "{490C9F12-D116-4DDF-B277-596897F805C3}"
EndProject
Global
	GlobalSection(SolutionConfigurationPlatforms) = preSolution
		Ad-Hoc|Any CPU = Ad-Hoc|Any CPU
		Ad-Hoc|ARM = Ad-Hoc|ARM
		Ad-Hoc|iPhone = Ad-Hoc|iPhone
		Ad-Hoc|iPhoneSimulator = Ad-Hoc|iPhoneSimulator
		Ad-Hoc|x64 = Ad-Hoc|x64
		Ad-Hoc|x86 = Ad-Hoc|x86
		AppStore|Any CPU = AppStore|Any CPU
		AppStore|ARM = AppStore|ARM
		AppStore|iPhone = AppStore|iPhone
		AppStore|iPhoneSimulator = AppStore|iPhoneSimulator
		AppStore|x64 = AppStore|x64
		AppStore|x86 = AppStore|x86
		Debug|Any CPU = Debug|Any CPU
		Debug|ARM = Debug|ARM
		Debug|iPhone = Debug|iPhone
		Debug|iPhoneSimulator = Debug|iPhoneSimulator
		Debug|x64 = Debug|x64
		Debug|x86 = Debug|x86
		Release|Any CPU = Release|Any CPU
		Release|ARM = Release|ARM
		Release|iPhone = Release|iPhone
		Release|iPhoneSimulator = Release|iPhoneSimulator
		Release|x64 = Release|x64
		Release|x86 = Release|x86
	EndGlobalSection
	GlobalSection(ProjectConfigurationPlatforms) = postSolution
		{B40DED54-D16D-4A82-A559-BD9285CA2A91}.Ad-Hoc|Any CPU.ActiveCfg = Release|Any CPU
		{B40DED54-D16D-4A82-A559-BD9285CA2A91}.Ad-Hoc|Any CPU.Build.0 = Release|Any CPU
		{B40DED54-D16D-4A82-A559-BD9285CA2A91}.Ad-Hoc|Any CPU.Deploy.0 = Release|Any CPU
		{B40DED54-D16D-4A82-A559-BD9285CA2A91}.Ad-Hoc|ARM.ActiveCfg = Release|Any CPU
		{B40DED54-D16D-4A82-A559-BD9285CA2A91}.Ad-Hoc|ARM.Build.0 = Release|Any CPU
		{B40DED54-D16D-4A82-A559-BD9285CA2A91}.Ad-Hoc|ARM.Deploy.0 = Release|Any CPU
		{B40DED54-D16D-4A82-A559-BD9285CA2A91}.Ad-Hoc|iPhone.ActiveCfg = Release|Any CPU
		{B40DED54-D16D-4A82-A559-BD9285CA2A91}.Ad-Hoc|iPhone.Build.0 = Release|Any CPU
		{B40DED54-D16D-4A82-A559-BD9285CA2A91}.Ad-Hoc|iPhone.Deploy.0 = Release|Any CPU
		{B40DED54-D16D-4A82-A559-BD9285CA2A91}.Ad-Hoc|iPhoneSimulator.ActiveCfg = Release|Any CPU
		{B40DED54-D16D-4A82-A559-BD9285CA2A91}.Ad-Hoc|iPhoneSimulator.Build.0 = Release|Any CPU
		{B40DED54-D16D-4A82-A559-BD9285CA2A91}.Ad-Hoc|iPhoneSimulator.Deploy.0 = Release|Any CPU
		{B40DED54-D16D-4A82-A559-BD9285CA2A91}.Ad-Hoc|x64.ActiveCfg = Release|Any CPU
		{B40DED54-D16D-4A82-A559-BD9285CA2A91}.Ad-Hoc|x64.Build.0 = Release|Any CPU
		{B40DED54-D16D-4A82-A559-BD9285CA2A91}.Ad-Hoc|x64.Deploy.0 = Release|Any CPU
		{B40DED54-D16D-4A82-A559-BD9285CA2A91}.Ad-Hoc|x86.ActiveCfg = Release|Any CPU
		{B40DED54-D16D-4A82-A559-BD9285CA2A91}.Ad-Hoc|x86.Build.0 = Release|Any CPU
		{B40DED54-D16D-4A82-A559-BD9285CA2A91}.Ad-Hoc|x86.Deploy.0 = Release|Any CPU
		{B40DED54-D16D-4A82-A559-BD9285CA2A91}.AppStore|Any CPU.ActiveCfg = Release|Any CPU
		{B40DED54-D16D-4A82-A559-BD9285CA2A91}.AppStore|Any CPU.Build.0 = Release|Any CPU
		{B40DED54-D16D-4A82-A559-BD9285CA2A91}.AppStore|Any CPU.Deploy.0 = Release|Any CPU
		{B40DED54-D16D-4A82-A559-BD9285CA2A91}.AppStore|ARM.ActiveCfg = Release|Any CPU
		{B40DED54-D16D-4A82-A559-BD9285CA2A91}.AppStore|ARM.Build.0 = Release|Any CPU
		{B40DED54-D16D-4A82-A559-BD9285CA2A91}.AppStore|ARM.Deploy.0 = Release|Any CPU
		{B40DED54-D16D-4A82-A559-BD9285CA2A91}.AppStore|iPhone.ActiveCfg = Release|Any CPU
		{B40DED54-D16D-4A82-A559-BD9285CA2A91}.AppStore|iPhone.Build.0 = Release|Any CPU
		{B40DED54-D16D-4A82-A559-BD9285CA2A91}.AppStore|iPhone.Deploy.0 = Release|Any CPU
		{B40DED54-D16D-4A82-A559-BD9285CA2A91}.AppStore|iPhoneSimulator.ActiveCfg = Release|Any CPU
		{B40DED54-D16D-4A82-A559-BD9285CA2A91}.AppStore|iPhoneSimulator.Build.0 = Release|Any CPU
		{B40DED54-D16D-4A82-A559-BD9285CA2A91}.AppStore|iPhoneSimulator.Deploy.0 = Release|Any CPU
		{B40DED54-D16D-4A82-A559-BD9285CA2A91}.AppStore|x64.ActiveCfg = Release|Any CPU
		{B40DED54-D16D-4A82-A559-BD9285CA2A91}.AppStore|x64.Build.0 = Release|Any CPU
		{B40DED54-D16D-4A82-A559-BD9285CA2A91}.AppStore|x64.Deploy.0 = Release|Any CPU
		{B40DED54-D16D-4A82-A559-BD9285CA2A91}.AppStore|x86.ActiveCfg = Release|Any CPU
		{B40DED54-D16D-4A82-A559-BD9285CA2A91}.AppStore|x86.Build.0 = Release|Any CPU
		{B40DED54-D16D-4A82-A559-BD9285CA2A91}.AppStore|x86.Deploy.0 = Release|Any CPU
		{B40DED54-D16D-4A82-A559-BD9285CA2A91}.Debug|Any CPU.ActiveCfg = Debug|Any CPU
		{B40DED54-D16D-4A82-A559-BD9285CA2A91}.Debug|Any CPU.Build.0 = Debug|Any CPU
		{B40DED54-D16D-4A82-A559-BD9285CA2A91}.Debug|Any CPU.Deploy.0 = Debug|Any CPU
		{B40DED54-D16D-4A82-A559-BD9285CA2A91}.Debug|ARM.ActiveCfg = Debug|Any CPU
		{B40DED54-D16D-4A82-A559-BD9285CA2A91}.Debug|ARM.Build.0 = Debug|Any CPU
		{B40DED54-D16D-4A82-A559-BD9285CA2A91}.Debug|ARM.Deploy.0 = Debug|Any CPU
		{B40DED54-D16D-4A82-A559-BD9285CA2A91}.Debug|iPhone.ActiveCfg = Debug|Any CPU
		{B40DED54-D16D-4A82-A559-BD9285CA2A91}.Debug|iPhone.Build.0 = Debug|Any CPU
		{B40DED54-D16D-4A82-A559-BD9285CA2A91}.Debug|iPhone.Deploy.0 = Debug|Any CPU
		{B40DED54-D16D-4A82-A559-BD9285CA2A91}.Debug|iPhoneSimulator.ActiveCfg = Debug|Any CPU
		{B40DED54-D16D-4A82-A559-BD9285CA2A91}.Debug|iPhoneSimulator.Build.0 = Debug|Any CPU
		{B40DED54-D16D-4A82-A559-BD9285CA2A91}.Debug|iPhoneSimulator.Deploy.0 = Debug|Any CPU
		{B40DED54-D16D-4A82-A559-BD9285CA2A91}.Debug|x64.ActiveCfg = Debug|Any CPU
		{B40DED54-D16D-4A82-A559-BD9285CA2A91}.Debug|x64.Build.0 = Debug|Any CPU
		{B40DED54-D16D-4A82-A559-BD9285CA2A91}.Debug|x64.Deploy.0 = Debug|Any CPU
		{B40DED54-D16D-4A82-A559-BD9285CA2A91}.Debug|x86.ActiveCfg = Debug|Any CPU
		{B40DED54-D16D-4A82-A559-BD9285CA2A91}.Debug|x86.Build.0 = Debug|Any CPU
		{B40DED54-D16D-4A82-A559-BD9285CA2A91}.Debug|x86.Deploy.0 = Debug|Any CPU
		{B40DED54-D16D-4A82-A559-BD9285CA2A91}.Release|Any CPU.ActiveCfg = Release|Any CPU
		{B40DED54-D16D-4A82-A559-BD9285CA2A91}.Release|Any CPU.Build.0 = Release|Any CPU
		{B40DED54-D16D-4A82-A559-BD9285CA2A91}.Release|Any CPU.Deploy.0 = Release|Any CPU
		{B40DED54-D16D-4A82-A559-BD9285CA2A91}.Release|ARM.ActiveCfg = Release|Any CPU
		{B40DED54-D16D-4A82-A559-BD9285CA2A91}.Release|ARM.Build.0 = Release|Any CPU
		{B40DED54-D16D-4A82-A559-BD9285CA2A91}.Release|ARM.Deploy.0 = Release|Any CPU
		{B40DED54-D16D-4A82-A559-BD9285CA2A91}.Release|iPhone.ActiveCfg = Release|Any CPU
		{B40DED54-D16D-4A82-A559-BD9285CA2A91}.Release|iPhone.Build.0 = Release|Any CPU
		{B40DED54-D16D-4A82-A559-BD9285CA2A91}.Release|iPhone.Deploy.0 = Release|Any CPU
		{B40DED54-D16D-4A82-A559-BD9285CA2A91}.Release|iPhoneSimulator.ActiveCfg = Release|Any CPU
		{B40DED54-D16D-4A82-A559-BD9285CA2A91}.Release|iPhoneSimulator.Build.0 = Release|Any CPU
		{B40DED54-D16D-4A82-A559-BD9285CA2A91}.Release|iPhoneSimulator.Deploy.0 = Release|Any CPU
		{B40DED54-D16D-4A82-A559-BD9285CA2A91}.Release|x64.ActiveCfg = Release|Any CPU
		{B40DED54-D16D-4A82-A559-BD9285CA2A91}.Release|x64.Build.0 = Release|Any CPU
		{B40DED54-D16D-4A82-A559-BD9285CA2A91}.Release|x64.Deploy.0 = Release|Any CPU
		{B40DED54-D16D-4A82-A559-BD9285CA2A91}.Release|x86.ActiveCfg = Release|Any CPU
		{B40DED54-D16D-4A82-A559-BD9285CA2A91}.Release|x86.Build.0 = Release|Any CPU
		{B40DED54-D16D-4A82-A559-BD9285CA2A91}.Release|x86.Deploy.0 = Release|Any CPU
		{F91C384C-87FA-4236-BA8B-A929F5916523}.Ad-Hoc|Any CPU.ActiveCfg = Ad-Hoc|iPhone
		{F91C384C-87FA-4236-BA8B-A929F5916523}.Ad-Hoc|Any CPU.Build.0 = Ad-Hoc|iPhone
		{F91C384C-87FA-4236-BA8B-A929F5916523}.Ad-Hoc|Any CPU.Deploy.0 = Ad-Hoc|iPhone
		{F91C384C-87FA-4236-BA8B-A929F5916523}.Ad-Hoc|ARM.ActiveCfg = Ad-Hoc|iPhone
		{F91C384C-87FA-4236-BA8B-A929F5916523}.Ad-Hoc|ARM.Build.0 = Ad-Hoc|iPhone
		{F91C384C-87FA-4236-BA8B-A929F5916523}.Ad-Hoc|ARM.Deploy.0 = Ad-Hoc|iPhone
		{F91C384C-87FA-4236-BA8B-A929F5916523}.Ad-Hoc|iPhone.ActiveCfg = Ad-Hoc|iPhone
		{F91C384C-87FA-4236-BA8B-A929F5916523}.Ad-Hoc|iPhone.Build.0 = Ad-Hoc|iPhone
		{F91C384C-87FA-4236-BA8B-A929F5916523}.Ad-Hoc|iPhone.Deploy.0 = Ad-Hoc|iPhone
		{F91C384C-87FA-4236-BA8B-A929F5916523}.Ad-Hoc|iPhoneSimulator.ActiveCfg = Ad-Hoc|iPhoneSimulator
		{F91C384C-87FA-4236-BA8B-A929F5916523}.Ad-Hoc|iPhoneSimulator.Build.0 = Ad-Hoc|iPhoneSimulator
		{F91C384C-87FA-4236-BA8B-A929F5916523}.Ad-Hoc|iPhoneSimulator.Deploy.0 = Ad-Hoc|iPhoneSimulator
		{F91C384C-87FA-4236-BA8B-A929F5916523}.Ad-Hoc|x64.ActiveCfg = Ad-Hoc|iPhone
		{F91C384C-87FA-4236-BA8B-A929F5916523}.Ad-Hoc|x64.Build.0 = Ad-Hoc|iPhone
		{F91C384C-87FA-4236-BA8B-A929F5916523}.Ad-Hoc|x64.Deploy.0 = Ad-Hoc|iPhone
		{F91C384C-87FA-4236-BA8B-A929F5916523}.Ad-Hoc|x86.ActiveCfg = Ad-Hoc|iPhone
		{F91C384C-87FA-4236-BA8B-A929F5916523}.Ad-Hoc|x86.Build.0 = Ad-Hoc|iPhone
		{F91C384C-87FA-4236-BA8B-A929F5916523}.Ad-Hoc|x86.Deploy.0 = Ad-Hoc|iPhone
		{F91C384C-87FA-4236-BA8B-A929F5916523}.AppStore|Any CPU.ActiveCfg = AppStore|iPhone
		{F91C384C-87FA-4236-BA8B-A929F5916523}.AppStore|Any CPU.Build.0 = AppStore|iPhone
		{F91C384C-87FA-4236-BA8B-A929F5916523}.AppStore|Any CPU.Deploy.0 = AppStore|iPhone
		{F91C384C-87FA-4236-BA8B-A929F5916523}.AppStore|ARM.ActiveCfg = AppStore|iPhone
		{F91C384C-87FA-4236-BA8B-A929F5916523}.AppStore|ARM.Build.0 = AppStore|iPhone
		{F91C384C-87FA-4236-BA8B-A929F5916523}.AppStore|ARM.Deploy.0 = AppStore|iPhone
		{F91C384C-87FA-4236-BA8B-A929F5916523}.AppStore|iPhone.ActiveCfg = AppStore|iPhone
		{F91C384C-87FA-4236-BA8B-A929F5916523}.AppStore|iPhone.Build.0 = AppStore|iPhone
		{F91C384C-87FA-4236-BA8B-A929F5916523}.AppStore|iPhone.Deploy.0 = AppStore|iPhone
		{F91C384C-87FA-4236-BA8B-A929F5916523}.AppStore|iPhoneSimulator.ActiveCfg = AppStore|iPhoneSimulator
		{F91C384C-87FA-4236-BA8B-A929F5916523}.AppStore|iPhoneSimulator.Build.0 = AppStore|iPhoneSimulator
		{F91C384C-87FA-4236-BA8B-A929F5916523}.AppStore|iPhoneSimulator.Deploy.0 = AppStore|iPhoneSimulator
		{F91C384C-87FA-4236-BA8B-A929F5916523}.AppStore|x64.ActiveCfg = AppStore|iPhone
		{F91C384C-87FA-4236-BA8B-A929F5916523}.AppStore|x64.Build.0 = AppStore|iPhone
		{F91C384C-87FA-4236-BA8B-A929F5916523}.AppStore|x64.Deploy.0 = AppStore|iPhone
		{F91C384C-87FA-4236-BA8B-A929F5916523}.AppStore|x86.ActiveCfg = AppStore|iPhone
		{F91C384C-87FA-4236-BA8B-A929F5916523}.AppStore|x86.Build.0 = AppStore|iPhone
		{F91C384C-87FA-4236-BA8B-A929F5916523}.AppStore|x86.Deploy.0 = AppStore|iPhone
		{F91C384C-87FA-4236-BA8B-A929F5916523}.Debug|Any CPU.ActiveCfg = Debug|iPhoneSimulator
		{F91C384C-87FA-4236-BA8B-A929F5916523}.Debug|Any CPU.Build.0 = Debug|iPhoneSimulator
		{F91C384C-87FA-4236-BA8B-A929F5916523}.Debug|Any CPU.Deploy.0 = Debug|iPhoneSimulator
		{F91C384C-87FA-4236-BA8B-A929F5916523}.Debug|ARM.ActiveCfg = Debug|iPhone
		{F91C384C-87FA-4236-BA8B-A929F5916523}.Debug|ARM.Build.0 = Debug|iPhone
		{F91C384C-87FA-4236-BA8B-A929F5916523}.Debug|ARM.Deploy.0 = Debug|iPhone
		{F91C384C-87FA-4236-BA8B-A929F5916523}.Debug|iPhone.ActiveCfg = Debug|iPhone
		{F91C384C-87FA-4236-BA8B-A929F5916523}.Debug|iPhone.Build.0 = Debug|iPhone
		{F91C384C-87FA-4236-BA8B-A929F5916523}.Debug|iPhone.Deploy.0 = Debug|iPhone
		{F91C384C-87FA-4236-BA8B-A929F5916523}.Debug|iPhoneSimulator.ActiveCfg = Debug|iPhoneSimulator
		{F91C384C-87FA-4236-BA8B-A929F5916523}.Debug|iPhoneSimulator.Build.0 = Debug|iPhoneSimulator
		{F91C384C-87FA-4236-BA8B-A929F5916523}.Debug|iPhoneSimulator.Deploy.0 = Debug|iPhoneSimulator
		{F91C384C-87FA-4236-BA8B-A929F5916523}.Debug|x64.ActiveCfg = Debug|iPhone
		{F91C384C-87FA-4236-BA8B-A929F5916523}.Debug|x64.Build.0 = Debug|iPhone
		{F91C384C-87FA-4236-BA8B-A929F5916523}.Debug|x64.Deploy.0 = Debug|iPhone
		{F91C384C-87FA-4236-BA8B-A929F5916523}.Debug|x86.ActiveCfg = Debug|iPhone
		{F91C384C-87FA-4236-BA8B-A929F5916523}.Debug|x86.Build.0 = Debug|iPhone
		{F91C384C-87FA-4236-BA8B-A929F5916523}.Debug|x86.Deploy.0 = Debug|iPhone
		{F91C384C-87FA-4236-BA8B-A929F5916523}.Release|Any CPU.ActiveCfg = Release|iPhone
		{F91C384C-87FA-4236-BA8B-A929F5916523}.Release|Any CPU.Build.0 = Release|iPhone
		{F91C384C-87FA-4236-BA8B-A929F5916523}.Release|Any CPU.Deploy.0 = Release|iPhone
		{F91C384C-87FA-4236-BA8B-A929F5916523}.Release|ARM.ActiveCfg = Release|iPhone
		{F91C384C-87FA-4236-BA8B-A929F5916523}.Release|ARM.Build.0 = Release|iPhone
		{F91C384C-87FA-4236-BA8B-A929F5916523}.Release|ARM.Deploy.0 = Release|iPhone
		{F91C384C-87FA-4236-BA8B-A929F5916523}.Release|iPhone.ActiveCfg = Release|iPhone
		{F91C384C-87FA-4236-BA8B-A929F5916523}.Release|iPhone.Build.0 = Release|iPhone
		{F91C384C-87FA-4236-BA8B-A929F5916523}.Release|iPhone.Deploy.0 = Release|iPhone
		{F91C384C-87FA-4236-BA8B-A929F5916523}.Release|iPhoneSimulator.ActiveCfg = Release|iPhoneSimulator
		{F91C384C-87FA-4236-BA8B-A929F5916523}.Release|iPhoneSimulator.Build.0 = Release|iPhoneSimulator
		{F91C384C-87FA-4236-BA8B-A929F5916523}.Release|iPhoneSimulator.Deploy.0 = Release|iPhoneSimulator
		{F91C384C-87FA-4236-BA8B-A929F5916523}.Release|x64.ActiveCfg = Release|iPhone
		{F91C384C-87FA-4236-BA8B-A929F5916523}.Release|x64.Build.0 = Release|iPhone
		{F91C384C-87FA-4236-BA8B-A929F5916523}.Release|x64.Deploy.0 = Release|iPhone
		{F91C384C-87FA-4236-BA8B-A929F5916523}.Release|x86.ActiveCfg = Release|iPhone
		{F91C384C-87FA-4236-BA8B-A929F5916523}.Release|x86.Build.0 = Release|iPhone
		{F91C384C-87FA-4236-BA8B-A929F5916523}.Release|x86.Deploy.0 = Release|iPhone
		{F99D8FD4-A66B-4B47-B47A-30827B013D3D}.Ad-Hoc|Any CPU.ActiveCfg = Release|x86
		{F99D8FD4-A66B-4B47-B47A-30827B013D3D}.Ad-Hoc|Any CPU.Build.0 = Release|x86
		{F99D8FD4-A66B-4B47-B47A-30827B013D3D}.Ad-Hoc|Any CPU.Deploy.0 = Release|x86
		{F99D8FD4-A66B-4B47-B47A-30827B013D3D}.Ad-Hoc|ARM.ActiveCfg = Release|ARM
		{F99D8FD4-A66B-4B47-B47A-30827B013D3D}.Ad-Hoc|ARM.Build.0 = Release|ARM
		{F99D8FD4-A66B-4B47-B47A-30827B013D3D}.Ad-Hoc|ARM.Deploy.0 = Release|ARM
		{F99D8FD4-A66B-4B47-B47A-30827B013D3D}.Ad-Hoc|iPhone.ActiveCfg = Release|x86
		{F99D8FD4-A66B-4B47-B47A-30827B013D3D}.Ad-Hoc|iPhone.Build.0 = Release|x86
		{F99D8FD4-A66B-4B47-B47A-30827B013D3D}.Ad-Hoc|iPhone.Deploy.0 = Release|x86
		{F99D8FD4-A66B-4B47-B47A-30827B013D3D}.Ad-Hoc|iPhoneSimulator.ActiveCfg = Release|x86
		{F99D8FD4-A66B-4B47-B47A-30827B013D3D}.Ad-Hoc|iPhoneSimulator.Build.0 = Release|x86
		{F99D8FD4-A66B-4B47-B47A-30827B013D3D}.Ad-Hoc|iPhoneSimulator.Deploy.0 = Release|x86
		{F99D8FD4-A66B-4B47-B47A-30827B013D3D}.Ad-Hoc|x64.ActiveCfg = Release|x64
		{F99D8FD4-A66B-4B47-B47A-30827B013D3D}.Ad-Hoc|x64.Build.0 = Release|x64
		{F99D8FD4-A66B-4B47-B47A-30827B013D3D}.Ad-Hoc|x64.Deploy.0 = Release|x64
		{F99D8FD4-A66B-4B47-B47A-30827B013D3D}.Ad-Hoc|x86.ActiveCfg = Release|x86
		{F99D8FD4-A66B-4B47-B47A-30827B013D3D}.Ad-Hoc|x86.Build.0 = Release|x86
		{F99D8FD4-A66B-4B47-B47A-30827B013D3D}.Ad-Hoc|x86.Deploy.0 = Release|x86
		{F99D8FD4-A66B-4B47-B47A-30827B013D3D}.AppStore|Any CPU.ActiveCfg = Release|x86
		{F99D8FD4-A66B-4B47-B47A-30827B013D3D}.AppStore|Any CPU.Build.0 = Release|x86
		{F99D8FD4-A66B-4B47-B47A-30827B013D3D}.AppStore|Any CPU.Deploy.0 = Release|x86
		{F99D8FD4-A66B-4B47-B47A-30827B013D3D}.AppStore|ARM.ActiveCfg = Release|ARM
		{F99D8FD4-A66B-4B47-B47A-30827B013D3D}.AppStore|ARM.Build.0 = Release|ARM
		{F99D8FD4-A66B-4B47-B47A-30827B013D3D}.AppStore|ARM.Deploy.0 = Release|ARM
		{F99D8FD4-A66B-4B47-B47A-30827B013D3D}.AppStore|iPhone.ActiveCfg = Release|x86
		{F99D8FD4-A66B-4B47-B47A-30827B013D3D}.AppStore|iPhone.Build.0 = Release|x86
		{F99D8FD4-A66B-4B47-B47A-30827B013D3D}.AppStore|iPhone.Deploy.0 = Release|x86
		{F99D8FD4-A66B-4B47-B47A-30827B013D3D}.AppStore|iPhoneSimulator.ActiveCfg = Release|x86
		{F99D8FD4-A66B-4B47-B47A-30827B013D3D}.AppStore|iPhoneSimulator.Build.0 = Release|x86
		{F99D8FD4-A66B-4B47-B47A-30827B013D3D}.AppStore|iPhoneSimulator.Deploy.0 = Release|x86
		{F99D8FD4-A66B-4B47-B47A-30827B013D3D}.AppStore|x64.ActiveCfg = Release|x64
		{F99D8FD4-A66B-4B47-B47A-30827B013D3D}.AppStore|x64.Build.0 = Release|x64
		{F99D8FD4-A66B-4B47-B47A-30827B013D3D}.AppStore|x64.Deploy.0 = Release|x64
		{F99D8FD4-A66B-4B47-B47A-30827B013D3D}.AppStore|x86.ActiveCfg = Release|x86
		{F99D8FD4-A66B-4B47-B47A-30827B013D3D}.AppStore|x86.Build.0 = Release|x86
		{F99D8FD4-A66B-4B47-B47A-30827B013D3D}.AppStore|x86.Deploy.0 = Release|x86
		{F99D8FD4-A66B-4B47-B47A-30827B013D3D}.Debug|Any CPU.ActiveCfg = Debug|x86
		{F99D8FD4-A66B-4B47-B47A-30827B013D3D}.Debug|Any CPU.Build.0 = Debug|x86
		{F99D8FD4-A66B-4B47-B47A-30827B013D3D}.Debug|Any CPU.Deploy.0 = Debug|x86
		{F99D8FD4-A66B-4B47-B47A-30827B013D3D}.Debug|ARM.ActiveCfg = Debug|ARM
		{F99D8FD4-A66B-4B47-B47A-30827B013D3D}.Debug|ARM.Build.0 = Debug|ARM
		{F99D8FD4-A66B-4B47-B47A-30827B013D3D}.Debug|ARM.Deploy.0 = Debug|ARM
		{F99D8FD4-A66B-4B47-B47A-30827B013D3D}.Debug|iPhone.ActiveCfg = Debug|x86
		{F99D8FD4-A66B-4B47-B47A-30827B013D3D}.Debug|iPhone.Build.0 = Debug|x86
		{F99D8FD4-A66B-4B47-B47A-30827B013D3D}.Debug|iPhone.Deploy.0 = Debug|x86
		{F99D8FD4-A66B-4B47-B47A-30827B013D3D}.Debug|iPhoneSimulator.ActiveCfg = Debug|x86
		{F99D8FD4-A66B-4B47-B47A-30827B013D3D}.Debug|iPhoneSimulator.Build.0 = Debug|x86
		{F99D8FD4-A66B-4B47-B47A-30827B013D3D}.Debug|iPhoneSimulator.Deploy.0 = Debug|x86
		{F99D8FD4-A66B-4B47-B47A-30827B013D3D}.Debug|x64.ActiveCfg = Debug|x64
		{F99D8FD4-A66B-4B47-B47A-30827B013D3D}.Debug|x64.Build.0 = Debug|x64
		{F99D8FD4-A66B-4B47-B47A-30827B013D3D}.Debug|x64.Deploy.0 = Debug|x64
		{F99D8FD4-A66B-4B47-B47A-30827B013D3D}.Debug|x86.ActiveCfg = Debug|x86
		{F99D8FD4-A66B-4B47-B47A-30827B013D3D}.Debug|x86.Build.0 = Debug|x86
		{F99D8FD4-A66B-4B47-B47A-30827B013D3D}.Debug|x86.Deploy.0 = Debug|x86
		{F99D8FD4-A66B-4B47-B47A-30827B013D3D}.Release|Any CPU.ActiveCfg = Release|x86
		{F99D8FD4-A66B-4B47-B47A-30827B013D3D}.Release|Any CPU.Build.0 = Release|x86
		{F99D8FD4-A66B-4B47-B47A-30827B013D3D}.Release|Any CPU.Deploy.0 = Release|x86
		{F99D8FD4-A66B-4B47-B47A-30827B013D3D}.Release|ARM.ActiveCfg = Release|ARM
		{F99D8FD4-A66B-4B47-B47A-30827B013D3D}.Release|ARM.Build.0 = Release|ARM
		{F99D8FD4-A66B-4B47-B47A-30827B013D3D}.Release|ARM.Deploy.0 = Release|ARM
		{F99D8FD4-A66B-4B47-B47A-30827B013D3D}.Release|iPhone.ActiveCfg = Release|x86
		{F99D8FD4-A66B-4B47-B47A-30827B013D3D}.Release|iPhone.Build.0 = Release|x86
		{F99D8FD4-A66B-4B47-B47A-30827B013D3D}.Release|iPhone.Deploy.0 = Release|x86
		{F99D8FD4-A66B-4B47-B47A-30827B013D3D}.Release|iPhoneSimulator.ActiveCfg = Release|x86
		{F99D8FD4-A66B-4B47-B47A-30827B013D3D}.Release|iPhoneSimulator.Build.0 = Release|x86
		{F99D8FD4-A66B-4B47-B47A-30827B013D3D}.Release|iPhoneSimulator.Deploy.0 = Release|x86
		{F99D8FD4-A66B-4B47-B47A-30827B013D3D}.Release|x64.ActiveCfg = Release|x64
		{F99D8FD4-A66B-4B47-B47A-30827B013D3D}.Release|x64.Build.0 = Release|x64
		{F99D8FD4-A66B-4B47-B47A-30827B013D3D}.Release|x64.Deploy.0 = Release|x64
		{F99D8FD4-A66B-4B47-B47A-30827B013D3D}.Release|x86.ActiveCfg = Release|x86
		{F99D8FD4-A66B-4B47-B47A-30827B013D3D}.Release|x86.Build.0 = Release|x86
		{F99D8FD4-A66B-4B47-B47A-30827B013D3D}.Release|x86.Deploy.0 = Release|x86
		{F6D14A42-9008-48F3-BCC4-559C885B4B73}.Ad-Hoc|Any CPU.ActiveCfg = Debug|Any CPU
		{F6D14A42-9008-48F3-BCC4-559C885B4B73}.Ad-Hoc|Any CPU.Build.0 = Debug|Any CPU
		{F6D14A42-9008-48F3-BCC4-559C885B4B73}.Ad-Hoc|Any CPU.Deploy.0 = Debug|Any CPU
		{F6D14A42-9008-48F3-BCC4-559C885B4B73}.Ad-Hoc|ARM.ActiveCfg = Debug|Any CPU
		{F6D14A42-9008-48F3-BCC4-559C885B4B73}.Ad-Hoc|ARM.Build.0 = Debug|Any CPU
		{F6D14A42-9008-48F3-BCC4-559C885B4B73}.Ad-Hoc|ARM.Deploy.0 = Debug|Any CPU
		{F6D14A42-9008-48F3-BCC4-559C885B4B73}.Ad-Hoc|iPhone.ActiveCfg = Debug|Any CPU
		{F6D14A42-9008-48F3-BCC4-559C885B4B73}.Ad-Hoc|iPhone.Build.0 = Debug|Any CPU
		{F6D14A42-9008-48F3-BCC4-559C885B4B73}.Ad-Hoc|iPhone.Deploy.0 = Debug|Any CPU
		{F6D14A42-9008-48F3-BCC4-559C885B4B73}.Ad-Hoc|iPhoneSimulator.ActiveCfg = Debug|Any CPU
		{F6D14A42-9008-48F3-BCC4-559C885B4B73}.Ad-Hoc|iPhoneSimulator.Build.0 = Debug|Any CPU
		{F6D14A42-9008-48F3-BCC4-559C885B4B73}.Ad-Hoc|iPhoneSimulator.Deploy.0 = Debug|Any CPU
		{F6D14A42-9008-48F3-BCC4-559C885B4B73}.Ad-Hoc|x64.ActiveCfg = Debug|Any CPU
		{F6D14A42-9008-48F3-BCC4-559C885B4B73}.Ad-Hoc|x64.Build.0 = Debug|Any CPU
		{F6D14A42-9008-48F3-BCC4-559C885B4B73}.Ad-Hoc|x64.Deploy.0 = Debug|Any CPU
		{F6D14A42-9008-48F3-BCC4-559C885B4B73}.Ad-Hoc|x86.ActiveCfg = Debug|Any CPU
		{F6D14A42-9008-48F3-BCC4-559C885B4B73}.Ad-Hoc|x86.Build.0 = Debug|Any CPU
		{F6D14A42-9008-48F3-BCC4-559C885B4B73}.Ad-Hoc|x86.Deploy.0 = Debug|Any CPU
		{F6D14A42-9008-48F3-BCC4-559C885B4B73}.AppStore|Any CPU.ActiveCfg = Debug|Any CPU
		{F6D14A42-9008-48F3-BCC4-559C885B4B73}.AppStore|Any CPU.Build.0 = Debug|Any CPU
		{F6D14A42-9008-48F3-BCC4-559C885B4B73}.AppStore|Any CPU.Deploy.0 = Debug|Any CPU
		{F6D14A42-9008-48F3-BCC4-559C885B4B73}.AppStore|ARM.ActiveCfg = Debug|Any CPU
		{F6D14A42-9008-48F3-BCC4-559C885B4B73}.AppStore|ARM.Build.0 = Debug|Any CPU
		{F6D14A42-9008-48F3-BCC4-559C885B4B73}.AppStore|ARM.Deploy.0 = Debug|Any CPU
		{F6D14A42-9008-48F3-BCC4-559C885B4B73}.AppStore|iPhone.ActiveCfg = Debug|Any CPU
		{F6D14A42-9008-48F3-BCC4-559C885B4B73}.AppStore|iPhone.Build.0 = Debug|Any CPU
		{F6D14A42-9008-48F3-BCC4-559C885B4B73}.AppStore|iPhone.Deploy.0 = Debug|Any CPU
		{F6D14A42-9008-48F3-BCC4-559C885B4B73}.AppStore|iPhoneSimulator.ActiveCfg = Debug|Any CPU
		{F6D14A42-9008-48F3-BCC4-559C885B4B73}.AppStore|iPhoneSimulator.Build.0 = Debug|Any CPU
		{F6D14A42-9008-48F3-BCC4-559C885B4B73}.AppStore|iPhoneSimulator.Deploy.0 = Debug|Any CPU
		{F6D14A42-9008-48F3-BCC4-559C885B4B73}.AppStore|x64.ActiveCfg = Debug|Any CPU
		{F6D14A42-9008-48F3-BCC4-559C885B4B73}.AppStore|x64.Build.0 = Debug|Any CPU
		{F6D14A42-9008-48F3-BCC4-559C885B4B73}.AppStore|x64.Deploy.0 = Debug|Any CPU
		{F6D14A42-9008-48F3-BCC4-559C885B4B73}.AppStore|x86.ActiveCfg = Debug|Any CPU
		{F6D14A42-9008-48F3-BCC4-559C885B4B73}.AppStore|x86.Build.0 = Debug|Any CPU
		{F6D14A42-9008-48F3-BCC4-559C885B4B73}.AppStore|x86.Deploy.0 = Debug|Any CPU
		{F6D14A42-9008-48F3-BCC4-559C885B4B73}.Debug|Any CPU.ActiveCfg = Debug|Any CPU
		{F6D14A42-9008-48F3-BCC4-559C885B4B73}.Debug|Any CPU.Build.0 = Debug|Any CPU
		{F6D14A42-9008-48F3-BCC4-559C885B4B73}.Debug|Any CPU.Deploy.0 = Debug|Any CPU
		{F6D14A42-9008-48F3-BCC4-559C885B4B73}.Debug|ARM.ActiveCfg = Debug|Any CPU
		{F6D14A42-9008-48F3-BCC4-559C885B4B73}.Debug|ARM.Build.0 = Debug|Any CPU
		{F6D14A42-9008-48F3-BCC4-559C885B4B73}.Debug|ARM.Deploy.0 = Debug|Any CPU
		{F6D14A42-9008-48F3-BCC4-559C885B4B73}.Debug|iPhone.ActiveCfg = Debug|Any CPU
		{F6D14A42-9008-48F3-BCC4-559C885B4B73}.Debug|iPhone.Build.0 = Debug|Any CPU
		{F6D14A42-9008-48F3-BCC4-559C885B4B73}.Debug|iPhone.Deploy.0 = Debug|Any CPU
		{F6D14A42-9008-48F3-BCC4-559C885B4B73}.Debug|iPhoneSimulator.ActiveCfg = Debug|Any CPU
		{F6D14A42-9008-48F3-BCC4-559C885B4B73}.Debug|iPhoneSimulator.Build.0 = Debug|Any CPU
		{F6D14A42-9008-48F3-BCC4-559C885B4B73}.Debug|iPhoneSimulator.Deploy.0 = Debug|Any CPU
		{F6D14A42-9008-48F3-BCC4-559C885B4B73}.Debug|x64.ActiveCfg = Debug|Any CPU
		{F6D14A42-9008-48F3-BCC4-559C885B4B73}.Debug|x64.Build.0 = Debug|Any CPU
		{F6D14A42-9008-48F3-BCC4-559C885B4B73}.Debug|x64.Deploy.0 = Debug|Any CPU
		{F6D14A42-9008-48F3-BCC4-559C885B4B73}.Debug|x86.ActiveCfg = Debug|Any CPU
		{F6D14A42-9008-48F3-BCC4-559C885B4B73}.Debug|x86.Build.0 = Debug|Any CPU
		{F6D14A42-9008-48F3-BCC4-559C885B4B73}.Debug|x86.Deploy.0 = Debug|Any CPU
		{F6D14A42-9008-48F3-BCC4-559C885B4B73}.Release|Any CPU.ActiveCfg = Release|Any CPU
		{F6D14A42-9008-48F3-BCC4-559C885B4B73}.Release|Any CPU.Build.0 = Release|Any CPU
		{F6D14A42-9008-48F3-BCC4-559C885B4B73}.Release|Any CPU.Deploy.0 = Release|Any CPU
		{F6D14A42-9008-48F3-BCC4-559C885B4B73}.Release|ARM.ActiveCfg = Release|Any CPU
		{F6D14A42-9008-48F3-BCC4-559C885B4B73}.Release|ARM.Build.0 = Release|Any CPU
		{F6D14A42-9008-48F3-BCC4-559C885B4B73}.Release|ARM.Deploy.0 = Release|Any CPU
		{F6D14A42-9008-48F3-BCC4-559C885B4B73}.Release|iPhone.ActiveCfg = Release|Any CPU
		{F6D14A42-9008-48F3-BCC4-559C885B4B73}.Release|iPhone.Build.0 = Release|Any CPU
		{F6D14A42-9008-48F3-BCC4-559C885B4B73}.Release|iPhone.Deploy.0 = Release|Any CPU
		{F6D14A42-9008-48F3-BCC4-559C885B4B73}.Release|iPhoneSimulator.ActiveCfg = Release|Any CPU
		{F6D14A42-9008-48F3-BCC4-559C885B4B73}.Release|iPhoneSimulator.Build.0 = Release|Any CPU
		{F6D14A42-9008-48F3-BCC4-559C885B4B73}.Release|iPhoneSimulator.Deploy.0 = Release|Any CPU
		{F6D14A42-9008-48F3-BCC4-559C885B4B73}.Release|x64.ActiveCfg = Release|Any CPU
		{F6D14A42-9008-48F3-BCC4-559C885B4B73}.Release|x64.Build.0 = Release|Any CPU
		{F6D14A42-9008-48F3-BCC4-559C885B4B73}.Release|x64.Deploy.0 = Release|Any CPU
		{F6D14A42-9008-48F3-BCC4-559C885B4B73}.Release|x86.ActiveCfg = Release|Any CPU
		{F6D14A42-9008-48F3-BCC4-559C885B4B73}.Release|x86.Build.0 = Release|Any CPU
		{F6D14A42-9008-48F3-BCC4-559C885B4B73}.Release|x86.Deploy.0 = Release|Any CPU
		{FAA60893-57F8-4A7B-B2A6-C29CE0E6FE7A}.Ad-Hoc|Any CPU.ActiveCfg = Debug|Any CPU
		{FAA60893-57F8-4A7B-B2A6-C29CE0E6FE7A}.Ad-Hoc|Any CPU.Build.0 = Debug|Any CPU
		{FAA60893-57F8-4A7B-B2A6-C29CE0E6FE7A}.Ad-Hoc|ARM.ActiveCfg = Debug|Any CPU
		{FAA60893-57F8-4A7B-B2A6-C29CE0E6FE7A}.Ad-Hoc|ARM.Build.0 = Debug|Any CPU
		{FAA60893-57F8-4A7B-B2A6-C29CE0E6FE7A}.Ad-Hoc|iPhone.ActiveCfg = Debug|Any CPU
		{FAA60893-57F8-4A7B-B2A6-C29CE0E6FE7A}.Ad-Hoc|iPhone.Build.0 = Debug|Any CPU
		{FAA60893-57F8-4A7B-B2A6-C29CE0E6FE7A}.Ad-Hoc|iPhoneSimulator.ActiveCfg = Debug|Any CPU
		{FAA60893-57F8-4A7B-B2A6-C29CE0E6FE7A}.Ad-Hoc|iPhoneSimulator.Build.0 = Debug|Any CPU
		{FAA60893-57F8-4A7B-B2A6-C29CE0E6FE7A}.Ad-Hoc|x64.ActiveCfg = Debug|Any CPU
		{FAA60893-57F8-4A7B-B2A6-C29CE0E6FE7A}.Ad-Hoc|x64.Build.0 = Debug|Any CPU
		{FAA60893-57F8-4A7B-B2A6-C29CE0E6FE7A}.Ad-Hoc|x86.ActiveCfg = Debug|Any CPU
		{FAA60893-57F8-4A7B-B2A6-C29CE0E6FE7A}.Ad-Hoc|x86.Build.0 = Debug|Any CPU
		{FAA60893-57F8-4A7B-B2A6-C29CE0E6FE7A}.AppStore|Any CPU.ActiveCfg = Debug|Any CPU
		{FAA60893-57F8-4A7B-B2A6-C29CE0E6FE7A}.AppStore|Any CPU.Build.0 = Debug|Any CPU
		{FAA60893-57F8-4A7B-B2A6-C29CE0E6FE7A}.AppStore|ARM.ActiveCfg = Debug|Any CPU
		{FAA60893-57F8-4A7B-B2A6-C29CE0E6FE7A}.AppStore|ARM.Build.0 = Debug|Any CPU
		{FAA60893-57F8-4A7B-B2A6-C29CE0E6FE7A}.AppStore|iPhone.ActiveCfg = Debug|Any CPU
		{FAA60893-57F8-4A7B-B2A6-C29CE0E6FE7A}.AppStore|iPhone.Build.0 = Debug|Any CPU
		{FAA60893-57F8-4A7B-B2A6-C29CE0E6FE7A}.AppStore|iPhoneSimulator.ActiveCfg = Debug|Any CPU
		{FAA60893-57F8-4A7B-B2A6-C29CE0E6FE7A}.AppStore|iPhoneSimulator.Build.0 = Debug|Any CPU
		{FAA60893-57F8-4A7B-B2A6-C29CE0E6FE7A}.AppStore|x64.ActiveCfg = Debug|Any CPU
		{FAA60893-57F8-4A7B-B2A6-C29CE0E6FE7A}.AppStore|x64.Build.0 = Debug|Any CPU
		{FAA60893-57F8-4A7B-B2A6-C29CE0E6FE7A}.AppStore|x86.ActiveCfg = Debug|Any CPU
		{FAA60893-57F8-4A7B-B2A6-C29CE0E6FE7A}.AppStore|x86.Build.0 = Debug|Any CPU
		{FAA60893-57F8-4A7B-B2A6-C29CE0E6FE7A}.Debug|Any CPU.ActiveCfg = Debug|Any CPU
		{FAA60893-57F8-4A7B-B2A6-C29CE0E6FE7A}.Debug|Any CPU.Build.0 = Debug|Any CPU
		{FAA60893-57F8-4A7B-B2A6-C29CE0E6FE7A}.Debug|ARM.ActiveCfg = Debug|Any CPU
		{FAA60893-57F8-4A7B-B2A6-C29CE0E6FE7A}.Debug|ARM.Build.0 = Debug|Any CPU
		{FAA60893-57F8-4A7B-B2A6-C29CE0E6FE7A}.Debug|iPhone.ActiveCfg = Debug|Any CPU
		{FAA60893-57F8-4A7B-B2A6-C29CE0E6FE7A}.Debug|iPhone.Build.0 = Debug|Any CPU
		{FAA60893-57F8-4A7B-B2A6-C29CE0E6FE7A}.Debug|iPhoneSimulator.ActiveCfg = Debug|Any CPU
		{FAA60893-57F8-4A7B-B2A6-C29CE0E6FE7A}.Debug|iPhoneSimulator.Build.0 = Debug|Any CPU
		{FAA60893-57F8-4A7B-B2A6-C29CE0E6FE7A}.Debug|x64.ActiveCfg = Debug|Any CPU
		{FAA60893-57F8-4A7B-B2A6-C29CE0E6FE7A}.Debug|x64.Build.0 = Debug|Any CPU
		{FAA60893-57F8-4A7B-B2A6-C29CE0E6FE7A}.Debug|x86.ActiveCfg = Debug|Any CPU
		{FAA60893-57F8-4A7B-B2A6-C29CE0E6FE7A}.Debug|x86.Build.0 = Debug|Any CPU
		{FAA60893-57F8-4A7B-B2A6-C29CE0E6FE7A}.Release|Any CPU.ActiveCfg = Release|Any CPU
		{FAA60893-57F8-4A7B-B2A6-C29CE0E6FE7A}.Release|Any CPU.Build.0 = Release|Any CPU
		{FAA60893-57F8-4A7B-B2A6-C29CE0E6FE7A}.Release|ARM.ActiveCfg = Release|Any CPU
		{FAA60893-57F8-4A7B-B2A6-C29CE0E6FE7A}.Release|ARM.Build.0 = Release|Any CPU
		{FAA60893-57F8-4A7B-B2A6-C29CE0E6FE7A}.Release|iPhone.ActiveCfg = Release|Any CPU
		{FAA60893-57F8-4A7B-B2A6-C29CE0E6FE7A}.Release|iPhone.Build.0 = Release|Any CPU
		{FAA60893-57F8-4A7B-B2A6-C29CE0E6FE7A}.Release|iPhoneSimulator.ActiveCfg = Release|Any CPU
		{FAA60893-57F8-4A7B-B2A6-C29CE0E6FE7A}.Release|iPhoneSimulator.Build.0 = Release|Any CPU
		{FAA60893-57F8-4A7B-B2A6-C29CE0E6FE7A}.Release|x64.ActiveCfg = Release|Any CPU
		{FAA60893-57F8-4A7B-B2A6-C29CE0E6FE7A}.Release|x64.Build.0 = Release|Any CPU
		{FAA60893-57F8-4A7B-B2A6-C29CE0E6FE7A}.Release|x86.ActiveCfg = Release|Any CPU
		{FAA60893-57F8-4A7B-B2A6-C29CE0E6FE7A}.Release|x86.Build.0 = Release|Any CPU
		{380D73E6-9D41-46F2-BEC3-509B7727624B}.Ad-Hoc|Any CPU.ActiveCfg = Debug|Any CPU
		{380D73E6-9D41-46F2-BEC3-509B7727624B}.Ad-Hoc|Any CPU.Build.0 = Debug|Any CPU
		{380D73E6-9D41-46F2-BEC3-509B7727624B}.Ad-Hoc|ARM.ActiveCfg = Debug|Any CPU
		{380D73E6-9D41-46F2-BEC3-509B7727624B}.Ad-Hoc|ARM.Build.0 = Debug|Any CPU
		{380D73E6-9D41-46F2-BEC3-509B7727624B}.Ad-Hoc|iPhone.ActiveCfg = Debug|Any CPU
		{380D73E6-9D41-46F2-BEC3-509B7727624B}.Ad-Hoc|iPhone.Build.0 = Debug|Any CPU
		{380D73E6-9D41-46F2-BEC3-509B7727624B}.Ad-Hoc|iPhoneSimulator.ActiveCfg = Debug|Any CPU
		{380D73E6-9D41-46F2-BEC3-509B7727624B}.Ad-Hoc|iPhoneSimulator.Build.0 = Debug|Any CPU
		{380D73E6-9D41-46F2-BEC3-509B7727624B}.Ad-Hoc|x64.ActiveCfg = Debug|Any CPU
		{380D73E6-9D41-46F2-BEC3-509B7727624B}.Ad-Hoc|x64.Build.0 = Debug|Any CPU
		{380D73E6-9D41-46F2-BEC3-509B7727624B}.Ad-Hoc|x86.ActiveCfg = Debug|Any CPU
		{380D73E6-9D41-46F2-BEC3-509B7727624B}.Ad-Hoc|x86.Build.0 = Debug|Any CPU
		{380D73E6-9D41-46F2-BEC3-509B7727624B}.AppStore|Any CPU.ActiveCfg = Debug|Any CPU
		{380D73E6-9D41-46F2-BEC3-509B7727624B}.AppStore|Any CPU.Build.0 = Debug|Any CPU
		{380D73E6-9D41-46F2-BEC3-509B7727624B}.AppStore|ARM.ActiveCfg = Debug|Any CPU
		{380D73E6-9D41-46F2-BEC3-509B7727624B}.AppStore|ARM.Build.0 = Debug|Any CPU
		{380D73E6-9D41-46F2-BEC3-509B7727624B}.AppStore|iPhone.ActiveCfg = Debug|Any CPU
		{380D73E6-9D41-46F2-BEC3-509B7727624B}.AppStore|iPhone.Build.0 = Debug|Any CPU
		{380D73E6-9D41-46F2-BEC3-509B7727624B}.AppStore|iPhoneSimulator.ActiveCfg = Debug|Any CPU
		{380D73E6-9D41-46F2-BEC3-509B7727624B}.AppStore|iPhoneSimulator.Build.0 = Debug|Any CPU
		{380D73E6-9D41-46F2-BEC3-509B7727624B}.AppStore|x64.ActiveCfg = Debug|Any CPU
		{380D73E6-9D41-46F2-BEC3-509B7727624B}.AppStore|x64.Build.0 = Debug|Any CPU
		{380D73E6-9D41-46F2-BEC3-509B7727624B}.AppStore|x86.ActiveCfg = Debug|Any CPU
		{380D73E6-9D41-46F2-BEC3-509B7727624B}.AppStore|x86.Build.0 = Debug|Any CPU
		{380D73E6-9D41-46F2-BEC3-509B7727624B}.Debug|Any CPU.ActiveCfg = Debug|Any CPU
		{380D73E6-9D41-46F2-BEC3-509B7727624B}.Debug|Any CPU.Build.0 = Debug|Any CPU
		{380D73E6-9D41-46F2-BEC3-509B7727624B}.Debug|ARM.ActiveCfg = Debug|Any CPU
		{380D73E6-9D41-46F2-BEC3-509B7727624B}.Debug|ARM.Build.0 = Debug|Any CPU
		{380D73E6-9D41-46F2-BEC3-509B7727624B}.Debug|iPhone.ActiveCfg = Debug|Any CPU
		{380D73E6-9D41-46F2-BEC3-509B7727624B}.Debug|iPhone.Build.0 = Debug|Any CPU
		{380D73E6-9D41-46F2-BEC3-509B7727624B}.Debug|iPhoneSimulator.ActiveCfg = Debug|Any CPU
		{380D73E6-9D41-46F2-BEC3-509B7727624B}.Debug|iPhoneSimulator.Build.0 = Debug|Any CPU
		{380D73E6-9D41-46F2-BEC3-509B7727624B}.Debug|x64.ActiveCfg = Debug|Any CPU
		{380D73E6-9D41-46F2-BEC3-509B7727624B}.Debug|x64.Build.0 = Debug|Any CPU
		{380D73E6-9D41-46F2-BEC3-509B7727624B}.Debug|x86.ActiveCfg = Debug|Any CPU
		{380D73E6-9D41-46F2-BEC3-509B7727624B}.Debug|x86.Build.0 = Debug|Any CPU
		{380D73E6-9D41-46F2-BEC3-509B7727624B}.Release|Any CPU.ActiveCfg = Release|Any CPU
		{380D73E6-9D41-46F2-BEC3-509B7727624B}.Release|Any CPU.Build.0 = Release|Any CPU
		{380D73E6-9D41-46F2-BEC3-509B7727624B}.Release|ARM.ActiveCfg = Release|Any CPU
		{380D73E6-9D41-46F2-BEC3-509B7727624B}.Release|ARM.Build.0 = Release|Any CPU
		{380D73E6-9D41-46F2-BEC3-509B7727624B}.Release|iPhone.ActiveCfg = Release|Any CPU
		{380D73E6-9D41-46F2-BEC3-509B7727624B}.Release|iPhone.Build.0 = Release|Any CPU
		{380D73E6-9D41-46F2-BEC3-509B7727624B}.Release|iPhoneSimulator.ActiveCfg = Release|Any CPU
		{380D73E6-9D41-46F2-BEC3-509B7727624B}.Release|iPhoneSimulator.Build.0 = Release|Any CPU
		{380D73E6-9D41-46F2-BEC3-509B7727624B}.Release|x64.ActiveCfg = Release|Any CPU
		{380D73E6-9D41-46F2-BEC3-509B7727624B}.Release|x64.Build.0 = Release|Any CPU
		{380D73E6-9D41-46F2-BEC3-509B7727624B}.Release|x86.ActiveCfg = Release|Any CPU
		{380D73E6-9D41-46F2-BEC3-509B7727624B}.Release|x86.Build.0 = Release|Any CPU
		{490C9F12-D116-4DDF-B277-596897F805C3}.Ad-Hoc|Any CPU.ActiveCfg = Debug|Any CPU
		{490C9F12-D116-4DDF-B277-596897F805C3}.Ad-Hoc|Any CPU.Build.0 = Debug|Any CPU
		{490C9F12-D116-4DDF-B277-596897F805C3}.Ad-Hoc|ARM.ActiveCfg = Debug|Any CPU
		{490C9F12-D116-4DDF-B277-596897F805C3}.Ad-Hoc|ARM.Build.0 = Debug|Any CPU
		{490C9F12-D116-4DDF-B277-596897F805C3}.Ad-Hoc|iPhone.ActiveCfg = Debug|Any CPU
		{490C9F12-D116-4DDF-B277-596897F805C3}.Ad-Hoc|iPhone.Build.0 = Debug|Any CPU
		{490C9F12-D116-4DDF-B277-596897F805C3}.Ad-Hoc|iPhoneSimulator.ActiveCfg = Debug|Any CPU
		{490C9F12-D116-4DDF-B277-596897F805C3}.Ad-Hoc|iPhoneSimulator.Build.0 = Debug|Any CPU
		{490C9F12-D116-4DDF-B277-596897F805C3}.Ad-Hoc|x64.ActiveCfg = Debug|Any CPU
		{490C9F12-D116-4DDF-B277-596897F805C3}.Ad-Hoc|x64.Build.0 = Debug|Any CPU
		{490C9F12-D116-4DDF-B277-596897F805C3}.Ad-Hoc|x86.ActiveCfg = Debug|Any CPU
		{490C9F12-D116-4DDF-B277-596897F805C3}.Ad-Hoc|x86.Build.0 = Debug|Any CPU
		{490C9F12-D116-4DDF-B277-596897F805C3}.AppStore|Any CPU.ActiveCfg = Debug|Any CPU
		{490C9F12-D116-4DDF-B277-596897F805C3}.AppStore|Any CPU.Build.0 = Debug|Any CPU
		{490C9F12-D116-4DDF-B277-596897F805C3}.AppStore|ARM.ActiveCfg = Debug|Any CPU
		{490C9F12-D116-4DDF-B277-596897F805C3}.AppStore|ARM.Build.0 = Debug|Any CPU
		{490C9F12-D116-4DDF-B277-596897F805C3}.AppStore|iPhone.ActiveCfg = Debug|Any CPU
		{490C9F12-D116-4DDF-B277-596897F805C3}.AppStore|iPhone.Build.0 = Debug|Any CPU
		{490C9F12-D116-4DDF-B277-596897F805C3}.AppStore|iPhoneSimulator.ActiveCfg = Debug|Any CPU
		{490C9F12-D116-4DDF-B277-596897F805C3}.AppStore|iPhoneSimulator.Build.0 = Debug|Any CPU
		{490C9F12-D116-4DDF-B277-596897F805C3}.AppStore|x64.ActiveCfg = Debug|Any CPU
		{490C9F12-D116-4DDF-B277-596897F805C3}.AppStore|x64.Build.0 = Debug|Any CPU
		{490C9F12-D116-4DDF-B277-596897F805C3}.AppStore|x86.ActiveCfg = Debug|Any CPU
		{490C9F12-D116-4DDF-B277-596897F805C3}.AppStore|x86.Build.0 = Debug|Any CPU
		{490C9F12-D116-4DDF-B277-596897F805C3}.Debug|Any CPU.ActiveCfg = Debug|Any CPU
		{490C9F12-D116-4DDF-B277-596897F805C3}.Debug|Any CPU.Build.0 = Debug|Any CPU
		{490C9F12-D116-4DDF-B277-596897F805C3}.Debug|ARM.ActiveCfg = Debug|Any CPU
		{490C9F12-D116-4DDF-B277-596897F805C3}.Debug|ARM.Build.0 = Debug|Any CPU
		{490C9F12-D116-4DDF-B277-596897F805C3}.Debug|iPhone.ActiveCfg = Debug|Any CPU
		{490C9F12-D116-4DDF-B277-596897F805C3}.Debug|iPhone.Build.0 = Debug|Any CPU
		{490C9F12-D116-4DDF-B277-596897F805C3}.Debug|iPhoneSimulator.ActiveCfg = Debug|Any CPU
		{490C9F12-D116-4DDF-B277-596897F805C3}.Debug|iPhoneSimulator.Build.0 = Debug|Any CPU
		{490C9F12-D116-4DDF-B277-596897F805C3}.Debug|x64.ActiveCfg = Debug|Any CPU
		{490C9F12-D116-4DDF-B277-596897F805C3}.Debug|x64.Build.0 = Debug|Any CPU
		{490C9F12-D116-4DDF-B277-596897F805C3}.Debug|x86.ActiveCfg = Debug|Any CPU
		{490C9F12-D116-4DDF-B277-596897F805C3}.Debug|x86.Build.0 = Debug|Any CPU
		{490C9F12-D116-4DDF-B277-596897F805C3}.Release|Any CPU.ActiveCfg = Release|Any CPU
		{490C9F12-D116-4DDF-B277-596897F805C3}.Release|Any CPU.Build.0 = Release|Any CPU
		{490C9F12-D116-4DDF-B277-596897F805C3}.Release|ARM.ActiveCfg = Release|Any CPU
		{490C9F12-D116-4DDF-B277-596897F805C3}.Release|ARM.Build.0 = Release|Any CPU
		{490C9F12-D116-4DDF-B277-596897F805C3}.Release|iPhone.ActiveCfg = Release|Any CPU
		{490C9F12-D116-4DDF-B277-596897F805C3}.Release|iPhone.Build.0 = Release|Any CPU
		{490C9F12-D116-4DDF-B277-596897F805C3}.Release|iPhoneSimulator.ActiveCfg = Release|Any CPU
		{490C9F12-D116-4DDF-B277-596897F805C3}.Release|iPhoneSimulator.Build.0 = Release|Any CPU
		{490C9F12-D116-4DDF-B277-596897F805C3}.Release|x64.ActiveCfg = Release|Any CPU
		{490C9F12-D116-4DDF-B277-596897F805C3}.Release|x64.Build.0 = Release|Any CPU
		{490C9F12-D116-4DDF-B277-596897F805C3}.Release|x86.ActiveCfg = Release|Any CPU
		{490C9F12-D116-4DDF-B277-596897F805C3}.Release|x86.Build.0 = Release|Any CPU
	EndGlobalSection
	GlobalSection(SolutionProperties) = preSolution
		HideSolutionNode = FALSE
	EndGlobalSection
	GlobalSection(ExtensibilityGlobals) = postSolution
		SolutionGuid = {082D93CC-DB6B-4226-AFA6-DD2B54904610}
	EndGlobalSection
EndGlobal
